
Microsoft Visual Studio Solution File, Format Version 12.00
# Visual Studio 14
VisualStudioVersion = 14.0.25420.1
MinimumVisualStudioVersion = 10.0.40219.1
Project("{FAE04EC0-301F-11D3-BF4B-00C04F79EFBC}") = "MvcContacts", "MvcContacts\MvcContacts.csproj", "{82E4A2AA-DD6F-432E-8D7C-C815465A3497}"
EndProject
Project("{FAE04EC0-301F-11D3-BF4B-00C04F79EFBC}") = "MvcContacts.Tests", "MvcContacts.Tests\MvcContacts.Tests.csproj", "{1CCF381F-98FD-4B92-87DF-C1B4E53BD7DA}"
EndProject
Global
	GlobalSection(SolutionConfigurationPlatforms) = preSolution
		Debug|Any CPU = Debug|Any CPU
		Release|Any CPU = Release|Any CPU
	EndGlobalSection
	GlobalSection(ProjectConfigurationPlatforms) = postSolution
		{82E4A2AA-DD6F-432E-8D7C-C815465A3497}.Debug|Any CPU.ActiveCfg = Debug|Any CPU
		{82E4A2AA-DD6F-432E-8D7C-C815465A3497}.Debug|Any CPU.Build.0 = Debug|Any CPU
		{82E4A2AA-DD6F-432E-8D7C-C815465A3497}.Release|Any CPU.ActiveCfg = Release|Any CPU
		{82E4A2AA-DD6F-432E-8D7C-C815465A3497}.Release|Any CPU.Build.0 = Release|Any CPU
		{1CCF381F-98FD-4B92-87DF-C1B4E53BD7DA}.Debug|Any CPU.ActiveCfg = Debug|Any CPU
		{1CCF381F-98FD-4B92-87DF-C1B4E53BD7DA}.Debug|Any CPU.Build.0 = Debug|Any CPU
		{1CCF381F-98FD-4B92-87DF-C1B4E53BD7DA}.Release|Any CPU.ActiveCfg = Release|Any CPU
		{1CCF381F-98FD-4B92-87DF-C1B4E53BD7DA}.Release|Any CPU.Build.0 = Release|Any CPU
	EndGlobalSection
	GlobalSection(SolutionProperties) = preSolution
		HideSolutionNode = FALSE
	EndGlobalSection
EndGlobal
