
Microsoft Visual Studio Solution File, Format Version 12.00
# Visual Studio 14
VisualStudioVersion = 14.0.25420.1
MinimumVisualStudioVersion = 10.0.40219.1
Project("{FAE04EC0-301F-11D3-BF4B-00C04F79EFBC}") = "TodoREST", "TodoREST\TodoREST\TodoREST.csproj", "{F25CACD3-5E67-4351-8A5A-6519ECA18817}"
EndProject
Project("{FAE04EC0-301F-11D3-BF4B-00C04F79EFBC}") = "TodoREST.Droid", "TodoREST\TodoREST.Droid\TodoREST.Droid.csproj", "{3BFF2B25-2F52-4AE2-9EC1-BFF5ED428547}"
EndProject
Project("{FAE04EC0-301F-11D3-BF4B-00C04F79EFBC}") = "TodoREST.iOS", "TodoREST\TodoREST.iOS\TodoREST.iOS.csproj", "{7A82FD10-8F37-480E-888E-123A395AC8FA}"
EndProject
Project("{FAE04EC0-301F-11D3-BF4B-00C04F79EFBC}") = "TodoREST.WinPhone", "TodoREST\TodoREST.WinPhone\TodoREST.WinPhone.csproj", "{7E0C68DE-8973-4683-929C-AC5D535582ED}"
EndProject
Project("{FAE04EC0-301F-11D3-BF4B-00C04F79EFBC}") = "TodoREST.UWP", "TodoREST\TodoREST.UWP\TodoREST.UWP.csproj", "{3C955BB6-9DC1-4708-A5A2-CA2353962E29}"
EndProject
Project("{FAE04EC0-301F-11D3-BF4B-00C04F79EFBC}") = "TodoREST.Windows", "TodoREST\TodoREST.Windows\TodoREST.Windows.csproj", "{8BEC7021-BF43-4FA9-98F8-0BDB3FE83F9D}"
EndProject
Global
	GlobalSection(SolutionConfigurationPlatforms) = preSolution
		Ad-Hoc|Any CPU = Ad-Hoc|Any CPU
		Ad-Hoc|ARM = Ad-Hoc|ARM
		Ad-Hoc|iPhone = Ad-Hoc|iPhone
		Ad-Hoc|iPhoneSimulator = Ad-Hoc|iPhoneSimulator
		Ad-Hoc|x64 = Ad-Hoc|x64
		Ad-Hoc|x86 = Ad-Hoc|x86
		AppStore|Any CPU = AppStore|Any CPU
		AppStore|ARM = AppStore|ARM
		AppStore|iPhone = AppStore|iPhone
		AppStore|iPhoneSimulator = AppStore|iPhoneSimulator
		AppStore|x64 = AppStore|x64
		AppStore|x86 = AppStore|x86
		Debug|Any CPU = Debug|Any CPU
		Debug|ARM = Debug|ARM
		Debug|iPhone = Debug|iPhone
		Debug|iPhoneSimulator = Debug|iPhoneSimulator
		Debug|x64 = Debug|x64
		Debug|x86 = Debug|x86
		Release|Any CPU = Release|Any CPU
		Release|ARM = Release|ARM
		Release|iPhone = Release|iPhone
		Release|iPhoneSimulator = Release|iPhoneSimulator
		Release|x64 = Release|x64
		Release|x86 = Release|x86
	EndGlobalSection
	GlobalSection(ProjectConfigurationPlatforms) = postSolution
		{F25CACD3-5E67-4351-8A5A-6519ECA18817}.Ad-Hoc|Any CPU.ActiveCfg = Release|Any CPU
		{F25CACD3-5E67-4351-8A5A-6519ECA18817}.Ad-Hoc|Any CPU.Build.0 = Release|Any CPU
		{F25CACD3-5E67-4351-8A5A-6519ECA18817}.Ad-Hoc|ARM.ActiveCfg = Release|Any CPU
		{F25CACD3-5E67-4351-8A5A-6519ECA18817}.Ad-Hoc|ARM.Build.0 = Release|Any CPU
		{F25CACD3-5E67-4351-8A5A-6519ECA18817}.Ad-Hoc|iPhone.ActiveCfg = Release|Any CPU
		{F25CACD3-5E67-4351-8A5A-6519ECA18817}.Ad-Hoc|iPhone.Build.0 = Release|Any CPU
		{F25CACD3-5E67-4351-8A5A-6519ECA18817}.Ad-Hoc|iPhoneSimulator.ActiveCfg = Release|Any CPU
		{F25CACD3-5E67-4351-8A5A-6519ECA18817}.Ad-Hoc|iPhoneSimulator.Build.0 = Release|Any CPU
		{F25CACD3-5E67-4351-8A5A-6519ECA18817}.Ad-Hoc|x64.ActiveCfg = Release|Any CPU
		{F25CACD3-5E67-4351-8A5A-6519ECA18817}.Ad-Hoc|x64.Build.0 = Release|Any CPU
		{F25CACD3-5E67-4351-8A5A-6519ECA18817}.Ad-Hoc|x86.ActiveCfg = Release|Any CPU
		{F25CACD3-5E67-4351-8A5A-6519ECA18817}.Ad-Hoc|x86.Build.0 = Release|Any CPU
		{F25CACD3-5E67-4351-8A5A-6519ECA18817}.AppStore|Any CPU.ActiveCfg = Release|Any CPU
		{F25CACD3-5E67-4351-8A5A-6519ECA18817}.AppStore|Any CPU.Build.0 = Release|Any CPU
		{F25CACD3-5E67-4351-8A5A-6519ECA18817}.AppStore|ARM.ActiveCfg = Release|Any CPU
		{F25CACD3-5E67-4351-8A5A-6519ECA18817}.AppStore|ARM.Build.0 = Release|Any CPU
		{F25CACD3-5E67-4351-8A5A-6519ECA18817}.AppStore|iPhone.ActiveCfg = Release|Any CPU
		{F25CACD3-5E67-4351-8A5A-6519ECA18817}.AppStore|iPhone.Build.0 = Release|Any CPU
		{F25CACD3-5E67-4351-8A5A-6519ECA18817}.AppStore|iPhoneSimulator.ActiveCfg = Release|Any CPU
		{F25CACD3-5E67-4351-8A5A-6519ECA18817}.AppStore|iPhoneSimulator.Build.0 = Release|Any CPU
		{F25CACD3-5E67-4351-8A5A-6519ECA18817}.AppStore|x64.ActiveCfg = Release|Any CPU
		{F25CACD3-5E67-4351-8A5A-6519ECA18817}.AppStore|x64.Build.0 = Release|Any CPU
		{F25CACD3-5E67-4351-8A5A-6519ECA18817}.AppStore|x86.ActiveCfg = Release|Any CPU
		{F25CACD3-5E67-4351-8A5A-6519ECA18817}.AppStore|x86.Build.0 = Release|Any CPU
		{F25CACD3-5E67-4351-8A5A-6519ECA18817}.Debug|Any CPU.ActiveCfg = Debug|Any CPU
		{F25CACD3-5E67-4351-8A5A-6519ECA18817}.Debug|Any CPU.Build.0 = Debug|Any CPU
		{F25CACD3-5E67-4351-8A5A-6519ECA18817}.Debug|ARM.ActiveCfg = Debug|Any CPU
		{F25CACD3-5E67-4351-8A5A-6519ECA18817}.Debug|ARM.Build.0 = Debug|Any CPU
		{F25CACD3-5E67-4351-8A5A-6519ECA18817}.Debug|iPhone.ActiveCfg = Debug|Any CPU
		{F25CACD3-5E67-4351-8A5A-6519ECA18817}.Debug|iPhone.Build.0 = Debug|Any CPU
		{F25CACD3-5E67-4351-8A5A-6519ECA18817}.Debug|iPhoneSimulator.ActiveCfg = Debug|Any CPU
		{F25CACD3-5E67-4351-8A5A-6519ECA18817}.Debug|iPhoneSimulator.Build.0 = Debug|Any CPU
		{F25CACD3-5E67-4351-8A5A-6519ECA18817}.Debug|x64.ActiveCfg = Debug|Any CPU
		{F25CACD3-5E67-4351-8A5A-6519ECA18817}.Debug|x64.Build.0 = Debug|Any CPU
		{F25CACD3-5E67-4351-8A5A-6519ECA18817}.Debug|x86.ActiveCfg = Debug|Any CPU
		{F25CACD3-5E67-4351-8A5A-6519ECA18817}.Debug|x86.Build.0 = Debug|Any CPU
		{F25CACD3-5E67-4351-8A5A-6519ECA18817}.Release|Any CPU.ActiveCfg = Release|Any CPU
		{F25CACD3-5E67-4351-8A5A-6519ECA18817}.Release|Any CPU.Build.0 = Release|Any CPU
		{F25CACD3-5E67-4351-8A5A-6519ECA18817}.Release|ARM.ActiveCfg = Release|Any CPU
		{F25CACD3-5E67-4351-8A5A-6519ECA18817}.Release|ARM.Build.0 = Release|Any CPU
		{F25CACD3-5E67-4351-8A5A-6519ECA18817}.Release|iPhone.ActiveCfg = Release|Any CPU
		{F25CACD3-5E67-4351-8A5A-6519ECA18817}.Release|iPhone.Build.0 = Release|Any CPU
		{F25CACD3-5E67-4351-8A5A-6519ECA18817}.Release|iPhoneSimulator.ActiveCfg = Release|Any CPU
		{F25CACD3-5E67-4351-8A5A-6519ECA18817}.Release|iPhoneSimulator.Build.0 = Release|Any CPU
		{F25CACD3-5E67-4351-8A5A-6519ECA18817}.Release|x64.ActiveCfg = Release|Any CPU
		{F25CACD3-5E67-4351-8A5A-6519ECA18817}.Release|x64.Build.0 = Release|Any CPU
		{F25CACD3-5E67-4351-8A5A-6519ECA18817}.Release|x86.ActiveCfg = Release|Any CPU
		{F25CACD3-5E67-4351-8A5A-6519ECA18817}.Release|x86.Build.0 = Release|Any CPU
		{3BFF2B25-2F52-4AE2-9EC1-BFF5ED428547}.Ad-Hoc|Any CPU.ActiveCfg = Release|Any CPU
		{3BFF2B25-2F52-4AE2-9EC1-BFF5ED428547}.Ad-Hoc|Any CPU.Build.0 = Release|Any CPU
		{3BFF2B25-2F52-4AE2-9EC1-BFF5ED428547}.Ad-Hoc|Any CPU.Deploy.0 = Release|Any CPU
		{3BFF2B25-2F52-4AE2-9EC1-BFF5ED428547}.Ad-Hoc|ARM.ActiveCfg = Release|Any CPU
		{3BFF2B25-2F52-4AE2-9EC1-BFF5ED428547}.Ad-Hoc|ARM.Build.0 = Release|Any CPU
		{3BFF2B25-2F52-4AE2-9EC1-BFF5ED428547}.Ad-Hoc|ARM.Deploy.0 = Release|Any CPU
		{3BFF2B25-2F52-4AE2-9EC1-BFF5ED428547}.Ad-Hoc|iPhone.ActiveCfg = Release|Any CPU
		{3BFF2B25-2F52-4AE2-9EC1-BFF5ED428547}.Ad-Hoc|iPhone.Build.0 = Release|Any CPU
		{3BFF2B25-2F52-4AE2-9EC1-BFF5ED428547}.Ad-Hoc|iPhone.Deploy.0 = Release|Any CPU
		{3BFF2B25-2F52-4AE2-9EC1-BFF5ED428547}.Ad-Hoc|iPhoneSimulator.ActiveCfg = Release|Any CPU
		{3BFF2B25-2F52-4AE2-9EC1-BFF5ED428547}.Ad-Hoc|iPhoneSimulator.Build.0 = Release|Any CPU
		{3BFF2B25-2F52-4AE2-9EC1-BFF5ED428547}.Ad-Hoc|iPhoneSimulator.Deploy.0 = Release|Any CPU
		{3BFF2B25-2F52-4AE2-9EC1-BFF5ED428547}.Ad-Hoc|x64.ActiveCfg = Release|Any CPU
		{3BFF2B25-2F52-4AE2-9EC1-BFF5ED428547}.Ad-Hoc|x64.Build.0 = Release|Any CPU
		{3BFF2B25-2F52-4AE2-9EC1-BFF5ED428547}.Ad-Hoc|x64.Deploy.0 = Release|Any CPU
		{3BFF2B25-2F52-4AE2-9EC1-BFF5ED428547}.Ad-Hoc|x86.ActiveCfg = Release|Any CPU
		{3BFF2B25-2F52-4AE2-9EC1-BFF5ED428547}.Ad-Hoc|x86.Build.0 = Release|Any CPU
		{3BFF2B25-2F52-4AE2-9EC1-BFF5ED428547}.Ad-Hoc|x86.Deploy.0 = Release|Any CPU
		{3BFF2B25-2F52-4AE2-9EC1-BFF5ED428547}.AppStore|Any CPU.ActiveCfg = Release|Any CPU
		{3BFF2B25-2F52-4AE2-9EC1-BFF5ED428547}.AppStore|Any CPU.Build.0 = Release|Any CPU
		{3BFF2B25-2F52-4AE2-9EC1-BFF5ED428547}.AppStore|Any CPU.Deploy.0 = Release|Any CPU
		{3BFF2B25-2F52-4AE2-9EC1-BFF5ED428547}.AppStore|ARM.ActiveCfg = Release|Any CPU
		{3BFF2B25-2F52-4AE2-9EC1-BFF5ED428547}.AppStore|ARM.Build.0 = Release|Any CPU
		{3BFF2B25-2F52-4AE2-9EC1-BFF5ED428547}.AppStore|ARM.Deploy.0 = Release|Any CPU
		{3BFF2B25-2F52-4AE2-9EC1-BFF5ED428547}.AppStore|iPhone.ActiveCfg = Release|Any CPU
		{3BFF2B25-2F52-4AE2-9EC1-BFF5ED428547}.AppStore|iPhone.Build.0 = Release|Any CPU
		{3BFF2B25-2F52-4AE2-9EC1-BFF5ED428547}.AppStore|iPhone.Deploy.0 = Release|Any CPU
		{3BFF2B25-2F52-4AE2-9EC1-BFF5ED428547}.AppStore|iPhoneSimulator.ActiveCfg = Release|Any CPU
		{3BFF2B25-2F52-4AE2-9EC1-BFF5ED428547}.AppStore|iPhoneSimulator.Build.0 = Release|Any CPU
		{3BFF2B25-2F52-4AE2-9EC1-BFF5ED428547}.AppStore|iPhoneSimulator.Deploy.0 = Release|Any CPU
		{3BFF2B25-2F52-4AE2-9EC1-BFF5ED428547}.AppStore|x64.ActiveCfg = Release|Any CPU
		{3BFF2B25-2F52-4AE2-9EC1-BFF5ED428547}.AppStore|x64.Build.0 = Release|Any CPU
		{3BFF2B25-2F52-4AE2-9EC1-BFF5ED428547}.AppStore|x64.Deploy.0 = Release|Any CPU
		{3BFF2B25-2F52-4AE2-9EC1-BFF5ED428547}.AppStore|x86.ActiveCfg = Release|Any CPU
		{3BFF2B25-2F52-4AE2-9EC1-BFF5ED428547}.AppStore|x86.Build.0 = Release|Any CPU
		{3BFF2B25-2F52-4AE2-9EC1-BFF5ED428547}.AppStore|x86.Deploy.0 = Release|Any CPU
		{3BFF2B25-2F52-4AE2-9EC1-BFF5ED428547}.Debug|Any CPU.ActiveCfg = Debug|Any CPU
		{3BFF2B25-2F52-4AE2-9EC1-BFF5ED428547}.Debug|Any CPU.Build.0 = Debug|Any CPU
		{3BFF2B25-2F52-4AE2-9EC1-BFF5ED428547}.Debug|Any CPU.Deploy.0 = Debug|Any CPU
		{3BFF2B25-2F52-4AE2-9EC1-BFF5ED428547}.Debug|ARM.ActiveCfg = Debug|Any CPU
		{3BFF2B25-2F52-4AE2-9EC1-BFF5ED428547}.Debug|ARM.Build.0 = Debug|Any CPU
		{3BFF2B25-2F52-4AE2-9EC1-BFF5ED428547}.Debug|ARM.Deploy.0 = Debug|Any CPU
		{3BFF2B25-2F52-4AE2-9EC1-BFF5ED428547}.Debug|iPhone.ActiveCfg = Debug|Any CPU
		{3BFF2B25-2F52-4AE2-9EC1-BFF5ED428547}.Debug|iPhone.Build.0 = Debug|Any CPU
		{3BFF2B25-2F52-4AE2-9EC1-BFF5ED428547}.Debug|iPhone.Deploy.0 = Debug|Any CPU
		{3BFF2B25-2F52-4AE2-9EC1-BFF5ED428547}.Debug|iPhoneSimulator.ActiveCfg = Debug|Any CPU
		{3BFF2B25-2F52-4AE2-9EC1-BFF5ED428547}.Debug|iPhoneSimulator.Build.0 = Debug|Any CPU
		{3BFF2B25-2F52-4AE2-9EC1-BFF5ED428547}.Debug|iPhoneSimulator.Deploy.0 = Debug|Any CPU
		{3BFF2B25-2F52-4AE2-9EC1-BFF5ED428547}.Debug|x64.ActiveCfg = Debug|Any CPU
		{3BFF2B25-2F52-4AE2-9EC1-BFF5ED428547}.Debug|x64.Build.0 = Debug|Any CPU
		{3BFF2B25-2F52-4AE2-9EC1-BFF5ED428547}.Debug|x64.Deploy.0 = Debug|Any CPU
		{3BFF2B25-2F52-4AE2-9EC1-BFF5ED428547}.Debug|x86.ActiveCfg = Debug|Any CPU
		{3BFF2B25-2F52-4AE2-9EC1-BFF5ED428547}.Debug|x86.Build.0 = Debug|Any CPU
		{3BFF2B25-2F52-4AE2-9EC1-BFF5ED428547}.Debug|x86.Deploy.0 = Debug|Any CPU
		{3BFF2B25-2F52-4AE2-9EC1-BFF5ED428547}.Release|Any CPU.ActiveCfg = Release|Any CPU
		{3BFF2B25-2F52-4AE2-9EC1-BFF5ED428547}.Release|Any CPU.Build.0 = Release|Any CPU
		{3BFF2B25-2F52-4AE2-9EC1-BFF5ED428547}.Release|Any CPU.Deploy.0 = Release|Any CPU
		{3BFF2B25-2F52-4AE2-9EC1-BFF5ED428547}.Release|ARM.ActiveCfg = Release|Any CPU
		{3BFF2B25-2F52-4AE2-9EC1-BFF5ED428547}.Release|ARM.Build.0 = Release|Any CPU
		{3BFF2B25-2F52-4AE2-9EC1-BFF5ED428547}.Release|ARM.Deploy.0 = Release|Any CPU
		{3BFF2B25-2F52-4AE2-9EC1-BFF5ED428547}.Release|iPhone.ActiveCfg = Release|Any CPU
		{3BFF2B25-2F52-4AE2-9EC1-BFF5ED428547}.Release|iPhone.Build.0 = Release|Any CPU
		{3BFF2B25-2F52-4AE2-9EC1-BFF5ED428547}.Release|iPhone.Deploy.0 = Release|Any CPU
		{3BFF2B25-2F52-4AE2-9EC1-BFF5ED428547}.Release|iPhoneSimulator.ActiveCfg = Release|Any CPU
		{3BFF2B25-2F52-4AE2-9EC1-BFF5ED428547}.Release|iPhoneSimulator.Build.0 = Release|Any CPU
		{3BFF2B25-2F52-4AE2-9EC1-BFF5ED428547}.Release|iPhoneSimulator.Deploy.0 = Release|Any CPU
		{3BFF2B25-2F52-4AE2-9EC1-BFF5ED428547}.Release|x64.ActiveCfg = Release|Any CPU
		{3BFF2B25-2F52-4AE2-9EC1-BFF5ED428547}.Release|x64.Build.0 = Release|Any CPU
		{3BFF2B25-2F52-4AE2-9EC1-BFF5ED428547}.Release|x64.Deploy.0 = Release|Any CPU
		{3BFF2B25-2F52-4AE2-9EC1-BFF5ED428547}.Release|x86.ActiveCfg = Release|Any CPU
		{3BFF2B25-2F52-4AE2-9EC1-BFF5ED428547}.Release|x86.Build.0 = Release|Any CPU
		{3BFF2B25-2F52-4AE2-9EC1-BFF5ED428547}.Release|x86.Deploy.0 = Release|Any CPU
		{7A82FD10-8F37-480E-888E-123A395AC8FA}.Ad-Hoc|Any CPU.ActiveCfg = Ad-Hoc|iPhone
		{7A82FD10-8F37-480E-888E-123A395AC8FA}.Ad-Hoc|ARM.ActiveCfg = Ad-Hoc|iPhone
		{7A82FD10-8F37-480E-888E-123A395AC8FA}.Ad-Hoc|iPhone.ActiveCfg = Ad-Hoc|iPhone
		{7A82FD10-8F37-480E-888E-123A395AC8FA}.Ad-Hoc|iPhone.Build.0 = Ad-Hoc|iPhone
		{7A82FD10-8F37-480E-888E-123A395AC8FA}.Ad-Hoc|iPhoneSimulator.ActiveCfg = Ad-Hoc|iPhoneSimulator
		{7A82FD10-8F37-480E-888E-123A395AC8FA}.Ad-Hoc|iPhoneSimulator.Build.0 = Ad-Hoc|iPhoneSimulator
		{7A82FD10-8F37-480E-888E-123A395AC8FA}.Ad-Hoc|x64.ActiveCfg = Ad-Hoc|iPhone
		{7A82FD10-8F37-480E-888E-123A395AC8FA}.Ad-Hoc|x86.ActiveCfg = Ad-Hoc|iPhone
		{7A82FD10-8F37-480E-888E-123A395AC8FA}.AppStore|Any CPU.ActiveCfg = AppStore|iPhone
		{7A82FD10-8F37-480E-888E-123A395AC8FA}.AppStore|ARM.ActiveCfg = AppStore|iPhone
		{7A82FD10-8F37-480E-888E-123A395AC8FA}.AppStore|iPhone.ActiveCfg = AppStore|iPhone
		{7A82FD10-8F37-480E-888E-123A395AC8FA}.AppStore|iPhone.Build.0 = AppStore|iPhone
		{7A82FD10-8F37-480E-888E-123A395AC8FA}.AppStore|iPhoneSimulator.ActiveCfg = AppStore|iPhoneSimulator
		{7A82FD10-8F37-480E-888E-123A395AC8FA}.AppStore|iPhoneSimulator.Build.0 = AppStore|iPhoneSimulator
		{7A82FD10-8F37-480E-888E-123A395AC8FA}.AppStore|x64.ActiveCfg = AppStore|iPhone
		{7A82FD10-8F37-480E-888E-123A395AC8FA}.AppStore|x86.ActiveCfg = AppStore|iPhone
		{7A82FD10-8F37-480E-888E-123A395AC8FA}.Debug|Any CPU.ActiveCfg = Debug|iPhone
		{7A82FD10-8F37-480E-888E-123A395AC8FA}.Debug|Any CPU.Build.0 = Debug|iPhone
		{7A82FD10-8F37-480E-888E-123A395AC8FA}.Debug|ARM.ActiveCfg = Debug|iPhone
		{7A82FD10-8F37-480E-888E-123A395AC8FA}.Debug|iPhone.ActiveCfg = Debug|iPhone
		{7A82FD10-8F37-480E-888E-123A395AC8FA}.Debug|iPhone.Build.0 = Debug|iPhone
		{7A82FD10-8F37-480E-888E-123A395AC8FA}.Debug|iPhoneSimulator.ActiveCfg = Debug|iPhoneSimulator
		{7A82FD10-8F37-480E-888E-123A395AC8FA}.Debug|iPhoneSimulator.Build.0 = Debug|iPhoneSimulator
		{7A82FD10-8F37-480E-888E-123A395AC8FA}.Debug|x64.ActiveCfg = Debug|iPhone
		{7A82FD10-8F37-480E-888E-123A395AC8FA}.Debug|x86.ActiveCfg = Debug|iPhone
		{7A82FD10-8F37-480E-888E-123A395AC8FA}.Release|Any CPU.ActiveCfg = Release|iPhone
		{7A82FD10-8F37-480E-888E-123A395AC8FA}.Release|ARM.ActiveCfg = Release|iPhone
		{7A82FD10-8F37-480E-888E-123A395AC8FA}.Release|iPhone.ActiveCfg = Release|iPhone
		{7A82FD10-8F37-480E-888E-123A395AC8FA}.Release|iPhone.Build.0 = Release|iPhone
		{7A82FD10-8F37-480E-888E-123A395AC8FA}.Release|iPhoneSimulator.ActiveCfg = Release|iPhoneSimulator
		{7A82FD10-8F37-480E-888E-123A395AC8FA}.Release|iPhoneSimulator.Build.0 = Release|iPhoneSimulator
		{7A82FD10-8F37-480E-888E-123A395AC8FA}.Release|x64.ActiveCfg = Release|iPhone
		{7A82FD10-8F37-480E-888E-123A395AC8FA}.Release|x86.ActiveCfg = Release|iPhone
		{7E0C68DE-8973-4683-929C-AC5D535582ED}.Ad-Hoc|Any CPU.ActiveCfg = Release|Any CPU
		{7E0C68DE-8973-4683-929C-AC5D535582ED}.Ad-Hoc|Any CPU.Build.0 = Release|Any CPU
		{7E0C68DE-8973-4683-929C-AC5D535582ED}.Ad-Hoc|Any CPU.Deploy.0 = Release|Any CPU
		{7E0C68DE-8973-4683-929C-AC5D535582ED}.Ad-Hoc|ARM.ActiveCfg = Release|ARM
		{7E0C68DE-8973-4683-929C-AC5D535582ED}.Ad-Hoc|ARM.Build.0 = Release|ARM
		{7E0C68DE-8973-4683-929C-AC5D535582ED}.Ad-Hoc|ARM.Deploy.0 = Release|ARM
		{7E0C68DE-8973-4683-929C-AC5D535582ED}.Ad-Hoc|iPhone.ActiveCfg = Release|Any CPU
		{7E0C68DE-8973-4683-929C-AC5D535582ED}.Ad-Hoc|iPhone.Build.0 = Release|Any CPU
		{7E0C68DE-8973-4683-929C-AC5D535582ED}.Ad-Hoc|iPhone.Deploy.0 = Release|Any CPU
		{7E0C68DE-8973-4683-929C-AC5D535582ED}.Ad-Hoc|iPhoneSimulator.ActiveCfg = Release|Any CPU
		{7E0C68DE-8973-4683-929C-AC5D535582ED}.Ad-Hoc|iPhoneSimulator.Build.0 = Release|Any CPU
		{7E0C68DE-8973-4683-929C-AC5D535582ED}.Ad-Hoc|iPhoneSimulator.Deploy.0 = Release|Any CPU
		{7E0C68DE-8973-4683-929C-AC5D535582ED}.Ad-Hoc|x64.ActiveCfg = Release|Any CPU
		{7E0C68DE-8973-4683-929C-AC5D535582ED}.Ad-Hoc|x64.Build.0 = Release|Any CPU
		{7E0C68DE-8973-4683-929C-AC5D535582ED}.Ad-Hoc|x64.Deploy.0 = Release|Any CPU
		{7E0C68DE-8973-4683-929C-AC5D535582ED}.Ad-Hoc|x86.ActiveCfg = Release|x86
		{7E0C68DE-8973-4683-929C-AC5D535582ED}.Ad-Hoc|x86.Build.0 = Release|x86
		{7E0C68DE-8973-4683-929C-AC5D535582ED}.Ad-Hoc|x86.Deploy.0 = Release|x86
		{7E0C68DE-8973-4683-929C-AC5D535582ED}.AppStore|Any CPU.ActiveCfg = Release|Any CPU
		{7E0C68DE-8973-4683-929C-AC5D535582ED}.AppStore|Any CPU.Build.0 = Release|Any CPU
		{7E0C68DE-8973-4683-929C-AC5D535582ED}.AppStore|Any CPU.Deploy.0 = Release|Any CPU
		{7E0C68DE-8973-4683-929C-AC5D535582ED}.AppStore|ARM.ActiveCfg = Release|ARM
		{7E0C68DE-8973-4683-929C-AC5D535582ED}.AppStore|ARM.Build.0 = Release|ARM
		{7E0C68DE-8973-4683-929C-AC5D535582ED}.AppStore|ARM.Deploy.0 = Release|ARM
		{7E0C68DE-8973-4683-929C-AC5D535582ED}.AppStore|iPhone.ActiveCfg = Release|Any CPU
		{7E0C68DE-8973-4683-929C-AC5D535582ED}.AppStore|iPhone.Build.0 = Release|Any CPU
		{7E0C68DE-8973-4683-929C-AC5D535582ED}.AppStore|iPhone.Deploy.0 = Release|Any CPU
		{7E0C68DE-8973-4683-929C-AC5D535582ED}.AppStore|iPhoneSimulator.ActiveCfg = Release|Any CPU
		{7E0C68DE-8973-4683-929C-AC5D535582ED}.AppStore|iPhoneSimulator.Build.0 = Release|Any CPU
		{7E0C68DE-8973-4683-929C-AC5D535582ED}.AppStore|iPhoneSimulator.Deploy.0 = Release|Any CPU
		{7E0C68DE-8973-4683-929C-AC5D535582ED}.AppStore|x64.ActiveCfg = Release|Any CPU
		{7E0C68DE-8973-4683-929C-AC5D535582ED}.AppStore|x64.Build.0 = Release|Any CPU
		{7E0C68DE-8973-4683-929C-AC5D535582ED}.AppStore|x64.Deploy.0 = Release|Any CPU
		{7E0C68DE-8973-4683-929C-AC5D535582ED}.AppStore|x86.ActiveCfg = Release|x86
		{7E0C68DE-8973-4683-929C-AC5D535582ED}.AppStore|x86.Build.0 = Release|x86
		{7E0C68DE-8973-4683-929C-AC5D535582ED}.AppStore|x86.Deploy.0 = Release|x86
		{7E0C68DE-8973-4683-929C-AC5D535582ED}.Debug|Any CPU.ActiveCfg = Debug|Any CPU
		{7E0C68DE-8973-4683-929C-AC5D535582ED}.Debug|Any CPU.Build.0 = Debug|Any CPU
		{7E0C68DE-8973-4683-929C-AC5D535582ED}.Debug|Any CPU.Deploy.0 = Debug|Any CPU
		{7E0C68DE-8973-4683-929C-AC5D535582ED}.Debug|ARM.ActiveCfg = Debug|ARM
		{7E0C68DE-8973-4683-929C-AC5D535582ED}.Debug|ARM.Build.0 = Debug|ARM
		{7E0C68DE-8973-4683-929C-AC5D535582ED}.Debug|ARM.Deploy.0 = Debug|ARM
		{7E0C68DE-8973-4683-929C-AC5D535582ED}.Debug|iPhone.ActiveCfg = Debug|Any CPU
		{7E0C68DE-8973-4683-929C-AC5D535582ED}.Debug|iPhone.Build.0 = Debug|Any CPU
		{7E0C68DE-8973-4683-929C-AC5D535582ED}.Debug|iPhone.Deploy.0 = Debug|Any CPU
		{7E0C68DE-8973-4683-929C-AC5D535582ED}.Debug|iPhoneSimulator.ActiveCfg = Debug|Any CPU
		{7E0C68DE-8973-4683-929C-AC5D535582ED}.Debug|iPhoneSimulator.Build.0 = Debug|Any CPU
		{7E0C68DE-8973-4683-929C-AC5D535582ED}.Debug|iPhoneSimulator.Deploy.0 = Debug|Any CPU
		{7E0C68DE-8973-4683-929C-AC5D535582ED}.Debug|x64.ActiveCfg = Debug|Any CPU
		{7E0C68DE-8973-4683-929C-AC5D535582ED}.Debug|x64.Build.0 = Debug|Any CPU
		{7E0C68DE-8973-4683-929C-AC5D535582ED}.Debug|x64.Deploy.0 = Debug|Any CPU
		{7E0C68DE-8973-4683-929C-AC5D535582ED}.Debug|x86.ActiveCfg = Debug|x86
		{7E0C68DE-8973-4683-929C-AC5D535582ED}.Debug|x86.Build.0 = Debug|x86
		{7E0C68DE-8973-4683-929C-AC5D535582ED}.Debug|x86.Deploy.0 = Debug|x86
		{7E0C68DE-8973-4683-929C-AC5D535582ED}.Release|Any CPU.ActiveCfg = Release|Any CPU
		{7E0C68DE-8973-4683-929C-AC5D535582ED}.Release|Any CPU.Build.0 = Release|Any CPU
		{7E0C68DE-8973-4683-929C-AC5D535582ED}.Release|Any CPU.Deploy.0 = Release|Any CPU
		{7E0C68DE-8973-4683-929C-AC5D535582ED}.Release|ARM.ActiveCfg = Release|ARM
		{7E0C68DE-8973-4683-929C-AC5D535582ED}.Release|ARM.Build.0 = Release|ARM
		{7E0C68DE-8973-4683-929C-AC5D535582ED}.Release|ARM.Deploy.0 = Release|ARM
		{7E0C68DE-8973-4683-929C-AC5D535582ED}.Release|iPhone.ActiveCfg = Release|Any CPU
		{7E0C68DE-8973-4683-929C-AC5D535582ED}.Release|iPhone.Build.0 = Release|Any CPU
		{7E0C68DE-8973-4683-929C-AC5D535582ED}.Release|iPhone.Deploy.0 = Release|Any CPU
		{7E0C68DE-8973-4683-929C-AC5D535582ED}.Release|iPhoneSimulator.ActiveCfg = Release|Any CPU
		{7E0C68DE-8973-4683-929C-AC5D535582ED}.Release|iPhoneSimulator.Build.0 = Release|Any CPU
		{7E0C68DE-8973-4683-929C-AC5D535582ED}.Release|iPhoneSimulator.Deploy.0 = Release|Any CPU
		{7E0C68DE-8973-4683-929C-AC5D535582ED}.Release|x64.ActiveCfg = Release|Any CPU
		{7E0C68DE-8973-4683-929C-AC5D535582ED}.Release|x64.Build.0 = Release|Any CPU
		{7E0C68DE-8973-4683-929C-AC5D535582ED}.Release|x64.Deploy.0 = Release|Any CPU
		{7E0C68DE-8973-4683-929C-AC5D535582ED}.Release|x86.ActiveCfg = Release|x86
		{7E0C68DE-8973-4683-929C-AC5D535582ED}.Release|x86.Build.0 = Release|x86
		{7E0C68DE-8973-4683-929C-AC5D535582ED}.Release|x86.Deploy.0 = Release|x86
		{3C955BB6-9DC1-4708-A5A2-CA2353962E29}.Ad-Hoc|Any CPU.ActiveCfg = Release|x86
		{3C955BB6-9DC1-4708-A5A2-CA2353962E29}.Ad-Hoc|Any CPU.Build.0 = Release|x86
		{3C955BB6-9DC1-4708-A5A2-CA2353962E29}.Ad-Hoc|Any CPU.Deploy.0 = Release|x86
		{3C955BB6-9DC1-4708-A5A2-CA2353962E29}.Ad-Hoc|ARM.ActiveCfg = Release|ARM
		{3C955BB6-9DC1-4708-A5A2-CA2353962E29}.Ad-Hoc|ARM.Build.0 = Release|ARM
		{3C955BB6-9DC1-4708-A5A2-CA2353962E29}.Ad-Hoc|ARM.Deploy.0 = Release|ARM
		{3C955BB6-9DC1-4708-A5A2-CA2353962E29}.Ad-Hoc|iPhone.ActiveCfg = Release|x86
		{3C955BB6-9DC1-4708-A5A2-CA2353962E29}.Ad-Hoc|iPhone.Build.0 = Release|x86
		{3C955BB6-9DC1-4708-A5A2-CA2353962E29}.Ad-Hoc|iPhone.Deploy.0 = Release|x86
		{3C955BB6-9DC1-4708-A5A2-CA2353962E29}.Ad-Hoc|iPhoneSimulator.ActiveCfg = Release|x86
		{3C955BB6-9DC1-4708-A5A2-CA2353962E29}.Ad-Hoc|iPhoneSimulator.Build.0 = Release|x86
		{3C955BB6-9DC1-4708-A5A2-CA2353962E29}.Ad-Hoc|iPhoneSimulator.Deploy.0 = Release|x86
		{3C955BB6-9DC1-4708-A5A2-CA2353962E29}.Ad-Hoc|x64.ActiveCfg = Release|x64
		{3C955BB6-9DC1-4708-A5A2-CA2353962E29}.Ad-Hoc|x64.Build.0 = Release|x64
		{3C955BB6-9DC1-4708-A5A2-CA2353962E29}.Ad-Hoc|x64.Deploy.0 = Release|x64
		{3C955BB6-9DC1-4708-A5A2-CA2353962E29}.Ad-Hoc|x86.ActiveCfg = Release|x86
		{3C955BB6-9DC1-4708-A5A2-CA2353962E29}.Ad-Hoc|x86.Build.0 = Release|x86
		{3C955BB6-9DC1-4708-A5A2-CA2353962E29}.Ad-Hoc|x86.Deploy.0 = Release|x86
		{3C955BB6-9DC1-4708-A5A2-CA2353962E29}.AppStore|Any CPU.ActiveCfg = Release|x86
		{3C955BB6-9DC1-4708-A5A2-CA2353962E29}.AppStore|Any CPU.Build.0 = Release|x86
		{3C955BB6-9DC1-4708-A5A2-CA2353962E29}.AppStore|Any CPU.Deploy.0 = Release|x86
		{3C955BB6-9DC1-4708-A5A2-CA2353962E29}.AppStore|ARM.ActiveCfg = Release|ARM
		{3C955BB6-9DC1-4708-A5A2-CA2353962E29}.AppStore|ARM.Build.0 = Release|ARM
		{3C955BB6-9DC1-4708-A5A2-CA2353962E29}.AppStore|ARM.Deploy.0 = Release|ARM
		{3C955BB6-9DC1-4708-A5A2-CA2353962E29}.AppStore|iPhone.ActiveCfg = Release|x86
		{3C955BB6-9DC1-4708-A5A2-CA2353962E29}.AppStore|iPhone.Build.0 = Release|x86
		{3C955BB6-9DC1-4708-A5A2-CA2353962E29}.AppStore|iPhone.Deploy.0 = Release|x86
		{3C955BB6-9DC1-4708-A5A2-CA2353962E29}.AppStore|iPhoneSimulator.ActiveCfg = Release|x86
		{3C955BB6-9DC1-4708-A5A2-CA2353962E29}.AppStore|iPhoneSimulator.Build.0 = Release|x86
		{3C955BB6-9DC1-4708-A5A2-CA2353962E29}.AppStore|iPhoneSimulator.Deploy.0 = Release|x86
		{3C955BB6-9DC1-4708-A5A2-CA2353962E29}.AppStore|x64.ActiveCfg = Release|x64
		{3C955BB6-9DC1-4708-A5A2-CA2353962E29}.AppStore|x64.Build.0 = Release|x64
		{3C955BB6-9DC1-4708-A5A2-CA2353962E29}.AppStore|x64.Deploy.0 = Release|x64
		{3C955BB6-9DC1-4708-A5A2-CA2353962E29}.AppStore|x86.ActiveCfg = Release|x86
		{3C955BB6-9DC1-4708-A5A2-CA2353962E29}.AppStore|x86.Build.0 = Release|x86
		{3C955BB6-9DC1-4708-A5A2-CA2353962E29}.AppStore|x86.Deploy.0 = Release|x86
		{3C955BB6-9DC1-4708-A5A2-CA2353962E29}.Debug|Any CPU.ActiveCfg = Debug|x86
		{3C955BB6-9DC1-4708-A5A2-CA2353962E29}.Debug|Any CPU.Build.0 = Debug|x86
		{3C955BB6-9DC1-4708-A5A2-CA2353962E29}.Debug|Any CPU.Deploy.0 = Debug|x86
		{3C955BB6-9DC1-4708-A5A2-CA2353962E29}.Debug|ARM.ActiveCfg = Debug|ARM
		{3C955BB6-9DC1-4708-A5A2-CA2353962E29}.Debug|ARM.Build.0 = Debug|ARM
		{3C955BB6-9DC1-4708-A5A2-CA2353962E29}.Debug|ARM.Deploy.0 = Debug|ARM
		{3C955BB6-9DC1-4708-A5A2-CA2353962E29}.Debug|iPhone.ActiveCfg = Debug|x86
		{3C955BB6-9DC1-4708-A5A2-CA2353962E29}.Debug|iPhoneSimulator.ActiveCfg = Debug|x86
		{3C955BB6-9DC1-4708-A5A2-CA2353962E29}.Debug|x64.ActiveCfg = Debug|x64
		{3C955BB6-9DC1-4708-A5A2-CA2353962E29}.Debug|x64.Build.0 = Debug|x64
		{3C955BB6-9DC1-4708-A5A2-CA2353962E29}.Debug|x64.Deploy.0 = Debug|x64
		{3C955BB6-9DC1-4708-A5A2-CA2353962E29}.Debug|x86.ActiveCfg = Debug|x86
		{3C955BB6-9DC1-4708-A5A2-CA2353962E29}.Debug|x86.Build.0 = Debug|x86
		{3C955BB6-9DC1-4708-A5A2-CA2353962E29}.Debug|x86.Deploy.0 = Debug|x86
		{3C955BB6-9DC1-4708-A5A2-CA2353962E29}.Release|Any CPU.ActiveCfg = Release|x86
		{3C955BB6-9DC1-4708-A5A2-CA2353962E29}.Release|ARM.ActiveCfg = Release|ARM
		{3C955BB6-9DC1-4708-A5A2-CA2353962E29}.Release|ARM.Build.0 = Release|ARM
		{3C955BB6-9DC1-4708-A5A2-CA2353962E29}.Release|ARM.Deploy.0 = Release|ARM
		{3C955BB6-9DC1-4708-A5A2-CA2353962E29}.Release|iPhone.ActiveCfg = Release|x86
		{3C955BB6-9DC1-4708-A5A2-CA2353962E29}.Release|iPhoneSimulator.ActiveCfg = Release|x86
		{3C955BB6-9DC1-4708-A5A2-CA2353962E29}.Release|x64.ActiveCfg = Release|x64
		{3C955BB6-9DC1-4708-A5A2-CA2353962E29}.Release|x64.Build.0 = Release|x64
		{3C955BB6-9DC1-4708-A5A2-CA2353962E29}.Release|x64.Deploy.0 = Release|x64
		{3C955BB6-9DC1-4708-A5A2-CA2353962E29}.Release|x86.ActiveCfg = Release|x86
		{3C955BB6-9DC1-4708-A5A2-CA2353962E29}.Release|x86.Build.0 = Release|x86
		{3C955BB6-9DC1-4708-A5A2-CA2353962E29}.Release|x86.Deploy.0 = Release|x86
		{8BEC7021-BF43-4FA9-98F8-0BDB3FE83F9D}.Ad-Hoc|Any CPU.ActiveCfg = Release|Any CPU
		{8BEC7021-BF43-4FA9-98F8-0BDB3FE83F9D}.Ad-Hoc|Any CPU.Build.0 = Release|Any CPU
		{8BEC7021-BF43-4FA9-98F8-0BDB3FE83F9D}.Ad-Hoc|Any CPU.Deploy.0 = Release|Any CPU
		{8BEC7021-BF43-4FA9-98F8-0BDB3FE83F9D}.Ad-Hoc|ARM.ActiveCfg = Release|ARM
		{8BEC7021-BF43-4FA9-98F8-0BDB3FE83F9D}.Ad-Hoc|ARM.Build.0 = Release|ARM
		{8BEC7021-BF43-4FA9-98F8-0BDB3FE83F9D}.Ad-Hoc|ARM.Deploy.0 = Release|ARM
		{8BEC7021-BF43-4FA9-98F8-0BDB3FE83F9D}.Ad-Hoc|iPhone.ActiveCfg = Release|Any CPU
		{8BEC7021-BF43-4FA9-98F8-0BDB3FE83F9D}.Ad-Hoc|iPhone.Build.0 = Release|Any CPU
		{8BEC7021-BF43-4FA9-98F8-0BDB3FE83F9D}.Ad-Hoc|iPhone.Deploy.0 = Release|Any CPU
		{8BEC7021-BF43-4FA9-98F8-0BDB3FE83F9D}.Ad-Hoc|iPhoneSimulator.ActiveCfg = Release|Any CPU
		{8BEC7021-BF43-4FA9-98F8-0BDB3FE83F9D}.Ad-Hoc|iPhoneSimulator.Build.0 = Release|Any CPU
		{8BEC7021-BF43-4FA9-98F8-0BDB3FE83F9D}.Ad-Hoc|iPhoneSimulator.Deploy.0 = Release|Any CPU
		{8BEC7021-BF43-4FA9-98F8-0BDB3FE83F9D}.Ad-Hoc|x64.ActiveCfg = Release|x64
		{8BEC7021-BF43-4FA9-98F8-0BDB3FE83F9D}.Ad-Hoc|x64.Build.0 = Release|x64
		{8BEC7021-BF43-4FA9-98F8-0BDB3FE83F9D}.Ad-Hoc|x64.Deploy.0 = Release|x64
		{8BEC7021-BF43-4FA9-98F8-0BDB3FE83F9D}.Ad-Hoc|x86.ActiveCfg = Release|x86
		{8BEC7021-BF43-4FA9-98F8-0BDB3FE83F9D}.Ad-Hoc|x86.Build.0 = Release|x86
		{8BEC7021-BF43-4FA9-98F8-0BDB3FE83F9D}.Ad-Hoc|x86.Deploy.0 = Release|x86
		{8BEC7021-BF43-4FA9-98F8-0BDB3FE83F9D}.AppStore|Any CPU.ActiveCfg = Release|Any CPU
		{8BEC7021-BF43-4FA9-98F8-0BDB3FE83F9D}.AppStore|Any CPU.Build.0 = Release|Any CPU
		{8BEC7021-BF43-4FA9-98F8-0BDB3FE83F9D}.AppStore|Any CPU.Deploy.0 = Release|Any CPU
		{8BEC7021-BF43-4FA9-98F8-0BDB3FE83F9D}.AppStore|ARM.ActiveCfg = Release|ARM
		{8BEC7021-BF43-4FA9-98F8-0BDB3FE83F9D}.AppStore|ARM.Build.0 = Release|ARM
		{8BEC7021-BF43-4FA9-98F8-0BDB3FE83F9D}.AppStore|ARM.Deploy.0 = Release|ARM
		{8BEC7021-BF43-4FA9-98F8-0BDB3FE83F9D}.AppStore|iPhone.ActiveCfg = Release|Any CPU
		{8BEC7021-BF43-4FA9-98F8-0BDB3FE83F9D}.AppStore|iPhone.Build.0 = Release|Any CPU
		{8BEC7021-BF43-4FA9-98F8-0BDB3FE83F9D}.AppStore|iPhone.Deploy.0 = Release|Any CPU
		{8BEC7021-BF43-4FA9-98F8-0BDB3FE83F9D}.AppStore|iPhoneSimulator.ActiveCfg = Release|Any CPU
		{8BEC7021-BF43-4FA9-98F8-0BDB3FE83F9D}.AppStore|iPhoneSimulator.Build.0 = Release|Any CPU
		{8BEC7021-BF43-4FA9-98F8-0BDB3FE83F9D}.AppStore|iPhoneSimulator.Deploy.0 = Release|Any CPU
		{8BEC7021-BF43-4FA9-98F8-0BDB3FE83F9D}.AppStore|x64.ActiveCfg = Release|x64
		{8BEC7021-BF43-4FA9-98F8-0BDB3FE83F9D}.AppStore|x64.Build.0 = Release|x64
		{8BEC7021-BF43-4FA9-98F8-0BDB3FE83F9D}.AppStore|x64.Deploy.0 = Release|x64
		{8BEC7021-BF43-4FA9-98F8-0BDB3FE83F9D}.AppStore|x86.ActiveCfg = Release|x86
		{8BEC7021-BF43-4FA9-98F8-0BDB3FE83F9D}.AppStore|x86.Build.0 = Release|x86
		{8BEC7021-BF43-4FA9-98F8-0BDB3FE83F9D}.AppStore|x86.Deploy.0 = Release|x86
		{8BEC7021-BF43-4FA9-98F8-0BDB3FE83F9D}.Debug|Any CPU.ActiveCfg = Debug|Any CPU
		{8BEC7021-BF43-4FA9-98F8-0BDB3FE83F9D}.Debug|Any CPU.Build.0 = Debug|Any CPU
		{8BEC7021-BF43-4FA9-98F8-0BDB3FE83F9D}.Debug|Any CPU.Deploy.0 = Debug|Any CPU
		{8BEC7021-BF43-4FA9-98F8-0BDB3FE83F9D}.Debug|ARM.ActiveCfg = Debug|ARM
		{8BEC7021-BF43-4FA9-98F8-0BDB3FE83F9D}.Debug|ARM.Build.0 = Debug|ARM
		{8BEC7021-BF43-4FA9-98F8-0BDB3FE83F9D}.Debug|ARM.Deploy.0 = Debug|ARM
		{8BEC7021-BF43-4FA9-98F8-0BDB3FE83F9D}.Debug|iPhone.ActiveCfg = Debug|Any CPU
		{8BEC7021-BF43-4FA9-98F8-0BDB3FE83F9D}.Debug|iPhone.Build.0 = Debug|Any CPU
		{8BEC7021-BF43-4FA9-98F8-0BDB3FE83F9D}.Debug|iPhone.Deploy.0 = Debug|Any CPU
		{8BEC7021-BF43-4FA9-98F8-0BDB3FE83F9D}.Debug|iPhoneSimulator.ActiveCfg = Debug|Any CPU
		{8BEC7021-BF43-4FA9-98F8-0BDB3FE83F9D}.Debug|iPhoneSimulator.Build.0 = Debug|Any CPU
		{8BEC7021-BF43-4FA9-98F8-0BDB3FE83F9D}.Debug|iPhoneSimulator.Deploy.0 = Debug|Any CPU
		{8BEC7021-BF43-4FA9-98F8-0BDB3FE83F9D}.Debug|x64.ActiveCfg = Debug|x64
		{8BEC7021-BF43-4FA9-98F8-0BDB3FE83F9D}.Debug|x64.Build.0 = Debug|x64
		{8BEC7021-BF43-4FA9-98F8-0BDB3FE83F9D}.Debug|x64.Deploy.0 = Debug|x64
		{8BEC7021-BF43-4FA9-98F8-0BDB3FE83F9D}.Debug|x86.ActiveCfg = Debug|x86
		{8BEC7021-BF43-4FA9-98F8-0BDB3FE83F9D}.Debug|x86.Build.0 = Debug|x86
		{8BEC7021-BF43-4FA9-98F8-0BDB3FE83F9D}.Debug|x86.Deploy.0 = Debug|x86
		{8BEC7021-BF43-4FA9-98F8-0BDB3FE83F9D}.Release|Any CPU.ActiveCfg = Release|Any CPU
		{8BEC7021-BF43-4FA9-98F8-0BDB3FE83F9D}.Release|Any CPU.Build.0 = Release|Any CPU
		{8BEC7021-BF43-4FA9-98F8-0BDB3FE83F9D}.Release|Any CPU.Deploy.0 = Release|Any CPU
		{8BEC7021-BF43-4FA9-98F8-0BDB3FE83F9D}.Release|ARM.ActiveCfg = Release|ARM
		{8BEC7021-BF43-4FA9-98F8-0BDB3FE83F9D}.Release|ARM.Build.0 = Release|ARM
		{8BEC7021-BF43-4FA9-98F8-0BDB3FE83F9D}.Release|ARM.Deploy.0 = Release|ARM
		{8BEC7021-BF43-4FA9-98F8-0BDB3FE83F9D}.Release|iPhone.ActiveCfg = Release|Any CPU
		{8BEC7021-BF43-4FA9-98F8-0BDB3FE83F9D}.Release|iPhone.Build.0 = Release|Any CPU
		{8BEC7021-BF43-4FA9-98F8-0BDB3FE83F9D}.Release|iPhone.Deploy.0 = Release|Any CPU
		{8BEC7021-BF43-4FA9-98F8-0BDB3FE83F9D}.Release|iPhoneSimulator.ActiveCfg = Release|Any CPU
		{8BEC7021-BF43-4FA9-98F8-0BDB3FE83F9D}.Release|iPhoneSimulator.Build.0 = Release|Any CPU
		{8BEC7021-BF43-4FA9-98F8-0BDB3FE83F9D}.Release|iPhoneSimulator.Deploy.0 = Release|Any CPU
		{8BEC7021-BF43-4FA9-98F8-0BDB3FE83F9D}.Release|x64.ActiveCfg = Release|x64
		{8BEC7021-BF43-4FA9-98F8-0BDB3FE83F9D}.Release|x64.Build.0 = Release|x64
		{8BEC7021-BF43-4FA9-98F8-0BDB3FE83F9D}.Release|x64.Deploy.0 = Release|x64
		{8BEC7021-BF43-4FA9-98F8-0BDB3FE83F9D}.Release|x86.ActiveCfg = Release|x86
		{8BEC7021-BF43-4FA9-98F8-0BDB3FE83F9D}.Release|x86.Build.0 = Release|x86
		{8BEC7021-BF43-4FA9-98F8-0BDB3FE83F9D}.Release|x86.Deploy.0 = Release|x86
	EndGlobalSection
	GlobalSection(SolutionProperties) = preSolution
		HideSolutionNode = FALSE
	EndGlobalSection
EndGlobal
