
Microsoft Visual Studio Solution File, Format Version 12.00
# Visual Studio 14
VisualStudioVersion = 14.0.25420.1
MinimumVisualStudioVersion = 10.0.40219.1
Project("{FAE04EC0-301F-11D3-BF4B-00C04F79EFBC}") = "TodoREST", "TodoREST\TodoREST\TodoREST.csproj", "{7D5685A7-3247-496A-9465-BF31E51C2E16}"
EndProject
Project("{FAE04EC0-301F-11D3-BF4B-00C04F79EFBC}") = "TodoREST.Droid", "TodoREST\TodoREST.Droid\TodoREST.Droid.csproj", "{719419BB-7AF7-40C2-96E6-1DAEB3FEEB21}"
EndProject
Project("{FAE04EC0-301F-11D3-BF4B-00C04F79EFBC}") = "TodoREST.iOS", "TodoREST\TodoREST.iOS\TodoREST.iOS.csproj", "{BCD3F7C2-D06B-4450-8F98-BB0D046DFD1E}"
EndProject
Project("{FAE04EC0-301F-11D3-BF4B-00C04F79EFBC}") = "TodoREST.WinPhone", "TodoREST\TodoREST.WinPhone\TodoREST.WinPhone.csproj", "{96BC541A-C728-4240-888F-A37180F1DAE2}"
EndProject
Project("{FAE04EC0-301F-11D3-BF4B-00C04F79EFBC}") = "TodoREST.UWP", "TodoREST\TodoREST.UWP\TodoREST.UWP.csproj", "{6A63E983-14BC-4DD0-A779-4330278E6DCD}"
EndProject
Project("{FAE04EC0-301F-11D3-BF4B-00C04F79EFBC}") = "TodoREST.Windows", "TodoREST\TodoREST.Windows\TodoREST.Windows.csproj", "{EBE388BF-4390-4582-9947-86A80E3C6053}"
EndProject
Global
	GlobalSection(SolutionConfigurationPlatforms) = preSolution
		Ad-Hoc|Any CPU = Ad-Hoc|Any CPU
		Ad-Hoc|ARM = Ad-Hoc|ARM
		Ad-Hoc|iPhone = Ad-Hoc|iPhone
		Ad-Hoc|iPhoneSimulator = Ad-Hoc|iPhoneSimulator
		Ad-Hoc|x64 = Ad-Hoc|x64
		Ad-Hoc|x86 = Ad-Hoc|x86
		AppStore|Any CPU = AppStore|Any CPU
		AppStore|ARM = AppStore|ARM
		AppStore|iPhone = AppStore|iPhone
		AppStore|iPhoneSimulator = AppStore|iPhoneSimulator
		AppStore|x64 = AppStore|x64
		AppStore|x86 = AppStore|x86
		Debug|Any CPU = Debug|Any CPU
		Debug|ARM = Debug|ARM
		Debug|iPhone = Debug|iPhone
		Debug|iPhoneSimulator = Debug|iPhoneSimulator
		Debug|x64 = Debug|x64
		Debug|x86 = Debug|x86
		Release|Any CPU = Release|Any CPU
		Release|ARM = Release|ARM
		Release|iPhone = Release|iPhone
		Release|iPhoneSimulator = Release|iPhoneSimulator
		Release|x64 = Release|x64
		Release|x86 = Release|x86
	EndGlobalSection
	GlobalSection(ProjectConfigurationPlatforms) = postSolution
		{7D5685A7-3247-496A-9465-BF31E51C2E16}.Ad-Hoc|Any CPU.ActiveCfg = Release|Any CPU
		{7D5685A7-3247-496A-9465-BF31E51C2E16}.Ad-Hoc|Any CPU.Build.0 = Release|Any CPU
		{7D5685A7-3247-496A-9465-BF31E51C2E16}.Ad-Hoc|ARM.ActiveCfg = Release|Any CPU
		{7D5685A7-3247-496A-9465-BF31E51C2E16}.Ad-Hoc|ARM.Build.0 = Release|Any CPU
		{7D5685A7-3247-496A-9465-BF31E51C2E16}.Ad-Hoc|iPhone.ActiveCfg = Release|Any CPU
		{7D5685A7-3247-496A-9465-BF31E51C2E16}.Ad-Hoc|iPhone.Build.0 = Release|Any CPU
		{7D5685A7-3247-496A-9465-BF31E51C2E16}.Ad-Hoc|iPhoneSimulator.ActiveCfg = Release|Any CPU
		{7D5685A7-3247-496A-9465-BF31E51C2E16}.Ad-Hoc|iPhoneSimulator.Build.0 = Release|Any CPU
		{7D5685A7-3247-496A-9465-BF31E51C2E16}.Ad-Hoc|x64.ActiveCfg = Release|Any CPU
		{7D5685A7-3247-496A-9465-BF31E51C2E16}.Ad-Hoc|x64.Build.0 = Release|Any CPU
		{7D5685A7-3247-496A-9465-BF31E51C2E16}.Ad-Hoc|x86.ActiveCfg = Release|Any CPU
		{7D5685A7-3247-496A-9465-BF31E51C2E16}.Ad-Hoc|x86.Build.0 = Release|Any CPU
		{7D5685A7-3247-496A-9465-BF31E51C2E16}.AppStore|Any CPU.ActiveCfg = Release|Any CPU
		{7D5685A7-3247-496A-9465-BF31E51C2E16}.AppStore|Any CPU.Build.0 = Release|Any CPU
		{7D5685A7-3247-496A-9465-BF31E51C2E16}.AppStore|ARM.ActiveCfg = Release|Any CPU
		{7D5685A7-3247-496A-9465-BF31E51C2E16}.AppStore|ARM.Build.0 = Release|Any CPU
		{7D5685A7-3247-496A-9465-BF31E51C2E16}.AppStore|iPhone.ActiveCfg = Release|Any CPU
		{7D5685A7-3247-496A-9465-BF31E51C2E16}.AppStore|iPhone.Build.0 = Release|Any CPU
		{7D5685A7-3247-496A-9465-BF31E51C2E16}.AppStore|iPhoneSimulator.ActiveCfg = Release|Any CPU
		{7D5685A7-3247-496A-9465-BF31E51C2E16}.AppStore|iPhoneSimulator.Build.0 = Release|Any CPU
		{7D5685A7-3247-496A-9465-BF31E51C2E16}.AppStore|x64.ActiveCfg = Release|Any CPU
		{7D5685A7-3247-496A-9465-BF31E51C2E16}.AppStore|x64.Build.0 = Release|Any CPU
		{7D5685A7-3247-496A-9465-BF31E51C2E16}.AppStore|x86.ActiveCfg = Release|Any CPU
		{7D5685A7-3247-496A-9465-BF31E51C2E16}.AppStore|x86.Build.0 = Release|Any CPU
		{7D5685A7-3247-496A-9465-BF31E51C2E16}.Debug|Any CPU.ActiveCfg = Debug|Any CPU
		{7D5685A7-3247-496A-9465-BF31E51C2E16}.Debug|Any CPU.Build.0 = Debug|Any CPU
		{7D5685A7-3247-496A-9465-BF31E51C2E16}.Debug|ARM.ActiveCfg = Debug|Any CPU
		{7D5685A7-3247-496A-9465-BF31E51C2E16}.Debug|ARM.Build.0 = Debug|Any CPU
		{7D5685A7-3247-496A-9465-BF31E51C2E16}.Debug|iPhone.ActiveCfg = Debug|Any CPU
		{7D5685A7-3247-496A-9465-BF31E51C2E16}.Debug|iPhone.Build.0 = Debug|Any CPU
		{7D5685A7-3247-496A-9465-BF31E51C2E16}.Debug|iPhoneSimulator.ActiveCfg = Debug|Any CPU
		{7D5685A7-3247-496A-9465-BF31E51C2E16}.Debug|iPhoneSimulator.Build.0 = Debug|Any CPU
		{7D5685A7-3247-496A-9465-BF31E51C2E16}.Debug|x64.ActiveCfg = Debug|Any CPU
		{7D5685A7-3247-496A-9465-BF31E51C2E16}.Debug|x64.Build.0 = Debug|Any CPU
		{7D5685A7-3247-496A-9465-BF31E51C2E16}.Debug|x86.ActiveCfg = Debug|Any CPU
		{7D5685A7-3247-496A-9465-BF31E51C2E16}.Debug|x86.Build.0 = Debug|Any CPU
		{7D5685A7-3247-496A-9465-BF31E51C2E16}.Release|Any CPU.ActiveCfg = Release|Any CPU
		{7D5685A7-3247-496A-9465-BF31E51C2E16}.Release|Any CPU.Build.0 = Release|Any CPU
		{7D5685A7-3247-496A-9465-BF31E51C2E16}.Release|ARM.ActiveCfg = Release|Any CPU
		{7D5685A7-3247-496A-9465-BF31E51C2E16}.Release|ARM.Build.0 = Release|Any CPU
		{7D5685A7-3247-496A-9465-BF31E51C2E16}.Release|iPhone.ActiveCfg = Release|Any CPU
		{7D5685A7-3247-496A-9465-BF31E51C2E16}.Release|iPhone.Build.0 = Release|Any CPU
		{7D5685A7-3247-496A-9465-BF31E51C2E16}.Release|iPhoneSimulator.ActiveCfg = Release|Any CPU
		{7D5685A7-3247-496A-9465-BF31E51C2E16}.Release|iPhoneSimulator.Build.0 = Release|Any CPU
		{7D5685A7-3247-496A-9465-BF31E51C2E16}.Release|x64.ActiveCfg = Release|Any CPU
		{7D5685A7-3247-496A-9465-BF31E51C2E16}.Release|x64.Build.0 = Release|Any CPU
		{7D5685A7-3247-496A-9465-BF31E51C2E16}.Release|x86.ActiveCfg = Release|Any CPU
		{7D5685A7-3247-496A-9465-BF31E51C2E16}.Release|x86.Build.0 = Release|Any CPU
		{719419BB-7AF7-40C2-96E6-1DAEB3FEEB21}.Ad-Hoc|Any CPU.ActiveCfg = Release|Any CPU
		{719419BB-7AF7-40C2-96E6-1DAEB3FEEB21}.Ad-Hoc|Any CPU.Build.0 = Release|Any CPU
		{719419BB-7AF7-40C2-96E6-1DAEB3FEEB21}.Ad-Hoc|Any CPU.Deploy.0 = Release|Any CPU
		{719419BB-7AF7-40C2-96E6-1DAEB3FEEB21}.Ad-Hoc|ARM.ActiveCfg = Release|Any CPU
		{719419BB-7AF7-40C2-96E6-1DAEB3FEEB21}.Ad-Hoc|ARM.Build.0 = Release|Any CPU
		{719419BB-7AF7-40C2-96E6-1DAEB3FEEB21}.Ad-Hoc|ARM.Deploy.0 = Release|Any CPU
		{719419BB-7AF7-40C2-96E6-1DAEB3FEEB21}.Ad-Hoc|iPhone.ActiveCfg = Release|Any CPU
		{719419BB-7AF7-40C2-96E6-1DAEB3FEEB21}.Ad-Hoc|iPhone.Build.0 = Release|Any CPU
		{719419BB-7AF7-40C2-96E6-1DAEB3FEEB21}.Ad-Hoc|iPhone.Deploy.0 = Release|Any CPU
		{719419BB-7AF7-40C2-96E6-1DAEB3FEEB21}.Ad-Hoc|iPhoneSimulator.ActiveCfg = Release|Any CPU
		{719419BB-7AF7-40C2-96E6-1DAEB3FEEB21}.Ad-Hoc|iPhoneSimulator.Build.0 = Release|Any CPU
		{719419BB-7AF7-40C2-96E6-1DAEB3FEEB21}.Ad-Hoc|iPhoneSimulator.Deploy.0 = Release|Any CPU
		{719419BB-7AF7-40C2-96E6-1DAEB3FEEB21}.Ad-Hoc|x64.ActiveCfg = Release|Any CPU
		{719419BB-7AF7-40C2-96E6-1DAEB3FEEB21}.Ad-Hoc|x64.Build.0 = Release|Any CPU
		{719419BB-7AF7-40C2-96E6-1DAEB3FEEB21}.Ad-Hoc|x64.Deploy.0 = Release|Any CPU
		{719419BB-7AF7-40C2-96E6-1DAEB3FEEB21}.Ad-Hoc|x86.ActiveCfg = Release|Any CPU
		{719419BB-7AF7-40C2-96E6-1DAEB3FEEB21}.Ad-Hoc|x86.Build.0 = Release|Any CPU
		{719419BB-7AF7-40C2-96E6-1DAEB3FEEB21}.Ad-Hoc|x86.Deploy.0 = Release|Any CPU
		{719419BB-7AF7-40C2-96E6-1DAEB3FEEB21}.AppStore|Any CPU.ActiveCfg = Release|Any CPU
		{719419BB-7AF7-40C2-96E6-1DAEB3FEEB21}.AppStore|Any CPU.Build.0 = Release|Any CPU
		{719419BB-7AF7-40C2-96E6-1DAEB3FEEB21}.AppStore|Any CPU.Deploy.0 = Release|Any CPU
		{719419BB-7AF7-40C2-96E6-1DAEB3FEEB21}.AppStore|ARM.ActiveCfg = Release|Any CPU
		{719419BB-7AF7-40C2-96E6-1DAEB3FEEB21}.AppStore|ARM.Build.0 = Release|Any CPU
		{719419BB-7AF7-40C2-96E6-1DAEB3FEEB21}.AppStore|ARM.Deploy.0 = Release|Any CPU
		{719419BB-7AF7-40C2-96E6-1DAEB3FEEB21}.AppStore|iPhone.ActiveCfg = Release|Any CPU
		{719419BB-7AF7-40C2-96E6-1DAEB3FEEB21}.AppStore|iPhone.Build.0 = Release|Any CPU
		{719419BB-7AF7-40C2-96E6-1DAEB3FEEB21}.AppStore|iPhone.Deploy.0 = Release|Any CPU
		{719419BB-7AF7-40C2-96E6-1DAEB3FEEB21}.AppStore|iPhoneSimulator.ActiveCfg = Release|Any CPU
		{719419BB-7AF7-40C2-96E6-1DAEB3FEEB21}.AppStore|iPhoneSimulator.Build.0 = Release|Any CPU
		{719419BB-7AF7-40C2-96E6-1DAEB3FEEB21}.AppStore|iPhoneSimulator.Deploy.0 = Release|Any CPU
		{719419BB-7AF7-40C2-96E6-1DAEB3FEEB21}.AppStore|x64.ActiveCfg = Release|Any CPU
		{719419BB-7AF7-40C2-96E6-1DAEB3FEEB21}.AppStore|x64.Build.0 = Release|Any CPU
		{719419BB-7AF7-40C2-96E6-1DAEB3FEEB21}.AppStore|x64.Deploy.0 = Release|Any CPU
		{719419BB-7AF7-40C2-96E6-1DAEB3FEEB21}.AppStore|x86.ActiveCfg = Release|Any CPU
		{719419BB-7AF7-40C2-96E6-1DAEB3FEEB21}.AppStore|x86.Build.0 = Release|Any CPU
		{719419BB-7AF7-40C2-96E6-1DAEB3FEEB21}.AppStore|x86.Deploy.0 = Release|Any CPU
		{719419BB-7AF7-40C2-96E6-1DAEB3FEEB21}.Debug|Any CPU.ActiveCfg = Debug|Any CPU
		{719419BB-7AF7-40C2-96E6-1DAEB3FEEB21}.Debug|Any CPU.Build.0 = Debug|Any CPU
		{719419BB-7AF7-40C2-96E6-1DAEB3FEEB21}.Debug|Any CPU.Deploy.0 = Debug|Any CPU
		{719419BB-7AF7-40C2-96E6-1DAEB3FEEB21}.Debug|ARM.ActiveCfg = Debug|Any CPU
		{719419BB-7AF7-40C2-96E6-1DAEB3FEEB21}.Debug|ARM.Build.0 = Debug|Any CPU
		{719419BB-7AF7-40C2-96E6-1DAEB3FEEB21}.Debug|ARM.Deploy.0 = Debug|Any CPU
		{719419BB-7AF7-40C2-96E6-1DAEB3FEEB21}.Debug|iPhone.ActiveCfg = Debug|Any CPU
		{719419BB-7AF7-40C2-96E6-1DAEB3FEEB21}.Debug|iPhone.Build.0 = Debug|Any CPU
		{719419BB-7AF7-40C2-96E6-1DAEB3FEEB21}.Debug|iPhone.Deploy.0 = Debug|Any CPU
		{719419BB-7AF7-40C2-96E6-1DAEB3FEEB21}.Debug|iPhoneSimulator.ActiveCfg = Debug|Any CPU
		{719419BB-7AF7-40C2-96E6-1DAEB3FEEB21}.Debug|iPhoneSimulator.Build.0 = Debug|Any CPU
		{719419BB-7AF7-40C2-96E6-1DAEB3FEEB21}.Debug|iPhoneSimulator.Deploy.0 = Debug|Any CPU
		{719419BB-7AF7-40C2-96E6-1DAEB3FEEB21}.Debug|x64.ActiveCfg = Debug|Any CPU
		{719419BB-7AF7-40C2-96E6-1DAEB3FEEB21}.Debug|x64.Build.0 = Debug|Any CPU
		{719419BB-7AF7-40C2-96E6-1DAEB3FEEB21}.Debug|x64.Deploy.0 = Debug|Any CPU
		{719419BB-7AF7-40C2-96E6-1DAEB3FEEB21}.Debug|x86.ActiveCfg = Debug|Any CPU
		{719419BB-7AF7-40C2-96E6-1DAEB3FEEB21}.Debug|x86.Build.0 = Debug|Any CPU
		{719419BB-7AF7-40C2-96E6-1DAEB3FEEB21}.Debug|x86.Deploy.0 = Debug|Any CPU
		{719419BB-7AF7-40C2-96E6-1DAEB3FEEB21}.Release|Any CPU.ActiveCfg = Release|Any CPU
		{719419BB-7AF7-40C2-96E6-1DAEB3FEEB21}.Release|Any CPU.Build.0 = Release|Any CPU
		{719419BB-7AF7-40C2-96E6-1DAEB3FEEB21}.Release|Any CPU.Deploy.0 = Release|Any CPU
		{719419BB-7AF7-40C2-96E6-1DAEB3FEEB21}.Release|ARM.ActiveCfg = Release|Any CPU
		{719419BB-7AF7-40C2-96E6-1DAEB3FEEB21}.Release|ARM.Build.0 = Release|Any CPU
		{719419BB-7AF7-40C2-96E6-1DAEB3FEEB21}.Release|ARM.Deploy.0 = Release|Any CPU
		{719419BB-7AF7-40C2-96E6-1DAEB3FEEB21}.Release|iPhone.ActiveCfg = Release|Any CPU
		{719419BB-7AF7-40C2-96E6-1DAEB3FEEB21}.Release|iPhone.Build.0 = Release|Any CPU
		{719419BB-7AF7-40C2-96E6-1DAEB3FEEB21}.Release|iPhone.Deploy.0 = Release|Any CPU
		{719419BB-7AF7-40C2-96E6-1DAEB3FEEB21}.Release|iPhoneSimulator.ActiveCfg = Release|Any CPU
		{719419BB-7AF7-40C2-96E6-1DAEB3FEEB21}.Release|iPhoneSimulator.Build.0 = Release|Any CPU
		{719419BB-7AF7-40C2-96E6-1DAEB3FEEB21}.Release|iPhoneSimulator.Deploy.0 = Release|Any CPU
		{719419BB-7AF7-40C2-96E6-1DAEB3FEEB21}.Release|x64.ActiveCfg = Release|Any CPU
		{719419BB-7AF7-40C2-96E6-1DAEB3FEEB21}.Release|x64.Build.0 = Release|Any CPU
		{719419BB-7AF7-40C2-96E6-1DAEB3FEEB21}.Release|x64.Deploy.0 = Release|Any CPU
		{719419BB-7AF7-40C2-96E6-1DAEB3FEEB21}.Release|x86.ActiveCfg = Release|Any CPU
		{719419BB-7AF7-40C2-96E6-1DAEB3FEEB21}.Release|x86.Build.0 = Release|Any CPU
		{719419BB-7AF7-40C2-96E6-1DAEB3FEEB21}.Release|x86.Deploy.0 = Release|Any CPU
		{BCD3F7C2-D06B-4450-8F98-BB0D046DFD1E}.Ad-Hoc|Any CPU.ActiveCfg = Ad-Hoc|iPhone
		{BCD3F7C2-D06B-4450-8F98-BB0D046DFD1E}.Ad-Hoc|ARM.ActiveCfg = Ad-Hoc|iPhone
		{BCD3F7C2-D06B-4450-8F98-BB0D046DFD1E}.Ad-Hoc|iPhone.ActiveCfg = Ad-Hoc|iPhone
		{BCD3F7C2-D06B-4450-8F98-BB0D046DFD1E}.Ad-Hoc|iPhone.Build.0 = Ad-Hoc|iPhone
		{BCD3F7C2-D06B-4450-8F98-BB0D046DFD1E}.Ad-Hoc|iPhoneSimulator.ActiveCfg = Ad-Hoc|iPhoneSimulator
		{BCD3F7C2-D06B-4450-8F98-BB0D046DFD1E}.Ad-Hoc|iPhoneSimulator.Build.0 = Ad-Hoc|iPhoneSimulator
		{BCD3F7C2-D06B-4450-8F98-BB0D046DFD1E}.Ad-Hoc|x64.ActiveCfg = Ad-Hoc|iPhone
		{BCD3F7C2-D06B-4450-8F98-BB0D046DFD1E}.Ad-Hoc|x86.ActiveCfg = Ad-Hoc|iPhone
		{BCD3F7C2-D06B-4450-8F98-BB0D046DFD1E}.AppStore|Any CPU.ActiveCfg = AppStore|iPhone
		{BCD3F7C2-D06B-4450-8F98-BB0D046DFD1E}.AppStore|ARM.ActiveCfg = AppStore|iPhone
		{BCD3F7C2-D06B-4450-8F98-BB0D046DFD1E}.AppStore|iPhone.ActiveCfg = AppStore|iPhone
		{BCD3F7C2-D06B-4450-8F98-BB0D046DFD1E}.AppStore|iPhone.Build.0 = AppStore|iPhone
		{BCD3F7C2-D06B-4450-8F98-BB0D046DFD1E}.AppStore|iPhoneSimulator.ActiveCfg = AppStore|iPhoneSimulator
		{BCD3F7C2-D06B-4450-8F98-BB0D046DFD1E}.AppStore|iPhoneSimulator.Build.0 = AppStore|iPhoneSimulator
		{BCD3F7C2-D06B-4450-8F98-BB0D046DFD1E}.AppStore|x64.ActiveCfg = AppStore|iPhone
		{BCD3F7C2-D06B-4450-8F98-BB0D046DFD1E}.AppStore|x86.ActiveCfg = AppStore|iPhone
		{BCD3F7C2-D06B-4450-8F98-BB0D046DFD1E}.Debug|Any CPU.ActiveCfg = Debug|iPhone
		{BCD3F7C2-D06B-4450-8F98-BB0D046DFD1E}.Debug|Any CPU.Build.0 = Debug|iPhone
		{BCD3F7C2-D06B-4450-8F98-BB0D046DFD1E}.Debug|ARM.ActiveCfg = Debug|iPhone
		{BCD3F7C2-D06B-4450-8F98-BB0D046DFD1E}.Debug|iPhone.ActiveCfg = Debug|iPhone
		{BCD3F7C2-D06B-4450-8F98-BB0D046DFD1E}.Debug|iPhone.Build.0 = Debug|iPhone
		{BCD3F7C2-D06B-4450-8F98-BB0D046DFD1E}.Debug|iPhoneSimulator.ActiveCfg = Debug|iPhoneSimulator
		{BCD3F7C2-D06B-4450-8F98-BB0D046DFD1E}.Debug|iPhoneSimulator.Build.0 = Debug|iPhoneSimulator
		{BCD3F7C2-D06B-4450-8F98-BB0D046DFD1E}.Debug|x64.ActiveCfg = Debug|iPhone
		{BCD3F7C2-D06B-4450-8F98-BB0D046DFD1E}.Debug|x86.ActiveCfg = Debug|iPhone
		{BCD3F7C2-D06B-4450-8F98-BB0D046DFD1E}.Release|Any CPU.ActiveCfg = Release|iPhone
		{BCD3F7C2-D06B-4450-8F98-BB0D046DFD1E}.Release|ARM.ActiveCfg = Release|iPhone
		{BCD3F7C2-D06B-4450-8F98-BB0D046DFD1E}.Release|iPhone.ActiveCfg = Release|iPhone
		{BCD3F7C2-D06B-4450-8F98-BB0D046DFD1E}.Release|iPhone.Build.0 = Release|iPhone
		{BCD3F7C2-D06B-4450-8F98-BB0D046DFD1E}.Release|iPhoneSimulator.ActiveCfg = Release|iPhoneSimulator
		{BCD3F7C2-D06B-4450-8F98-BB0D046DFD1E}.Release|iPhoneSimulator.Build.0 = Release|iPhoneSimulator
		{BCD3F7C2-D06B-4450-8F98-BB0D046DFD1E}.Release|x64.ActiveCfg = Release|iPhone
		{BCD3F7C2-D06B-4450-8F98-BB0D046DFD1E}.Release|x86.ActiveCfg = Release|iPhone
		{96BC541A-C728-4240-888F-A37180F1DAE2}.Ad-Hoc|Any CPU.ActiveCfg = Release|Any CPU
		{96BC541A-C728-4240-888F-A37180F1DAE2}.Ad-Hoc|Any CPU.Build.0 = Release|Any CPU
		{96BC541A-C728-4240-888F-A37180F1DAE2}.Ad-Hoc|Any CPU.Deploy.0 = Release|Any CPU
		{96BC541A-C728-4240-888F-A37180F1DAE2}.Ad-Hoc|ARM.ActiveCfg = Release|ARM
		{96BC541A-C728-4240-888F-A37180F1DAE2}.Ad-Hoc|ARM.Build.0 = Release|ARM
		{96BC541A-C728-4240-888F-A37180F1DAE2}.Ad-Hoc|ARM.Deploy.0 = Release|ARM
		{96BC541A-C728-4240-888F-A37180F1DAE2}.Ad-Hoc|iPhone.ActiveCfg = Release|Any CPU
		{96BC541A-C728-4240-888F-A37180F1DAE2}.Ad-Hoc|iPhone.Build.0 = Release|Any CPU
		{96BC541A-C728-4240-888F-A37180F1DAE2}.Ad-Hoc|iPhone.Deploy.0 = Release|Any CPU
		{96BC541A-C728-4240-888F-A37180F1DAE2}.Ad-Hoc|iPhoneSimulator.ActiveCfg = Release|Any CPU
		{96BC541A-C728-4240-888F-A37180F1DAE2}.Ad-Hoc|iPhoneSimulator.Build.0 = Release|Any CPU
		{96BC541A-C728-4240-888F-A37180F1DAE2}.Ad-Hoc|iPhoneSimulator.Deploy.0 = Release|Any CPU
		{96BC541A-C728-4240-888F-A37180F1DAE2}.Ad-Hoc|x64.ActiveCfg = Release|Any CPU
		{96BC541A-C728-4240-888F-A37180F1DAE2}.Ad-Hoc|x64.Build.0 = Release|Any CPU
		{96BC541A-C728-4240-888F-A37180F1DAE2}.Ad-Hoc|x64.Deploy.0 = Release|Any CPU
		{96BC541A-C728-4240-888F-A37180F1DAE2}.Ad-Hoc|x86.ActiveCfg = Release|x86
		{96BC541A-C728-4240-888F-A37180F1DAE2}.Ad-Hoc|x86.Build.0 = Release|x86
		{96BC541A-C728-4240-888F-A37180F1DAE2}.Ad-Hoc|x86.Deploy.0 = Release|x86
		{96BC541A-C728-4240-888F-A37180F1DAE2}.AppStore|Any CPU.ActiveCfg = Release|Any CPU
		{96BC541A-C728-4240-888F-A37180F1DAE2}.AppStore|Any CPU.Build.0 = Release|Any CPU
		{96BC541A-C728-4240-888F-A37180F1DAE2}.AppStore|Any CPU.Deploy.0 = Release|Any CPU
		{96BC541A-C728-4240-888F-A37180F1DAE2}.AppStore|ARM.ActiveCfg = Release|ARM
		{96BC541A-C728-4240-888F-A37180F1DAE2}.AppStore|ARM.Build.0 = Release|ARM
		{96BC541A-C728-4240-888F-A37180F1DAE2}.AppStore|ARM.Deploy.0 = Release|ARM
		{96BC541A-C728-4240-888F-A37180F1DAE2}.AppStore|iPhone.ActiveCfg = Release|Any CPU
		{96BC541A-C728-4240-888F-A37180F1DAE2}.AppStore|iPhone.Build.0 = Release|Any CPU
		{96BC541A-C728-4240-888F-A37180F1DAE2}.AppStore|iPhone.Deploy.0 = Release|Any CPU
		{96BC541A-C728-4240-888F-A37180F1DAE2}.AppStore|iPhoneSimulator.ActiveCfg = Release|Any CPU
		{96BC541A-C728-4240-888F-A37180F1DAE2}.AppStore|iPhoneSimulator.Build.0 = Release|Any CPU
		{96BC541A-C728-4240-888F-A37180F1DAE2}.AppStore|iPhoneSimulator.Deploy.0 = Release|Any CPU
		{96BC541A-C728-4240-888F-A37180F1DAE2}.AppStore|x64.ActiveCfg = Release|Any CPU
		{96BC541A-C728-4240-888F-A37180F1DAE2}.AppStore|x64.Build.0 = Release|Any CPU
		{96BC541A-C728-4240-888F-A37180F1DAE2}.AppStore|x64.Deploy.0 = Release|Any CPU
		{96BC541A-C728-4240-888F-A37180F1DAE2}.AppStore|x86.ActiveCfg = Release|x86
		{96BC541A-C728-4240-888F-A37180F1DAE2}.AppStore|x86.Build.0 = Release|x86
		{96BC541A-C728-4240-888F-A37180F1DAE2}.AppStore|x86.Deploy.0 = Release|x86
		{96BC541A-C728-4240-888F-A37180F1DAE2}.Debug|Any CPU.ActiveCfg = Debug|Any CPU
		{96BC541A-C728-4240-888F-A37180F1DAE2}.Debug|Any CPU.Build.0 = Debug|Any CPU
		{96BC541A-C728-4240-888F-A37180F1DAE2}.Debug|Any CPU.Deploy.0 = Debug|Any CPU
		{96BC541A-C728-4240-888F-A37180F1DAE2}.Debug|ARM.ActiveCfg = Debug|ARM
		{96BC541A-C728-4240-888F-A37180F1DAE2}.Debug|ARM.Build.0 = Debug|ARM
		{96BC541A-C728-4240-888F-A37180F1DAE2}.Debug|ARM.Deploy.0 = Debug|ARM
		{96BC541A-C728-4240-888F-A37180F1DAE2}.Debug|iPhone.ActiveCfg = Debug|Any CPU
		{96BC541A-C728-4240-888F-A37180F1DAE2}.Debug|iPhone.Build.0 = Debug|Any CPU
		{96BC541A-C728-4240-888F-A37180F1DAE2}.Debug|iPhone.Deploy.0 = Debug|Any CPU
		{96BC541A-C728-4240-888F-A37180F1DAE2}.Debug|iPhoneSimulator.ActiveCfg = Debug|Any CPU
		{96BC541A-C728-4240-888F-A37180F1DAE2}.Debug|iPhoneSimulator.Build.0 = Debug|Any CPU
		{96BC541A-C728-4240-888F-A37180F1DAE2}.Debug|iPhoneSimulator.Deploy.0 = Debug|Any CPU
		{96BC541A-C728-4240-888F-A37180F1DAE2}.Debug|x64.ActiveCfg = Debug|Any CPU
		{96BC541A-C728-4240-888F-A37180F1DAE2}.Debug|x64.Build.0 = Debug|Any CPU
		{96BC541A-C728-4240-888F-A37180F1DAE2}.Debug|x64.Deploy.0 = Debug|Any CPU
		{96BC541A-C728-4240-888F-A37180F1DAE2}.Debug|x86.ActiveCfg = Debug|x86
		{96BC541A-C728-4240-888F-A37180F1DAE2}.Debug|x86.Build.0 = Debug|x86
		{96BC541A-C728-4240-888F-A37180F1DAE2}.Debug|x86.Deploy.0 = Debug|x86
		{96BC541A-C728-4240-888F-A37180F1DAE2}.Release|Any CPU.ActiveCfg = Release|Any CPU
		{96BC541A-C728-4240-888F-A37180F1DAE2}.Release|Any CPU.Build.0 = Release|Any CPU
		{96BC541A-C728-4240-888F-A37180F1DAE2}.Release|Any CPU.Deploy.0 = Release|Any CPU
		{96BC541A-C728-4240-888F-A37180F1DAE2}.Release|ARM.ActiveCfg = Release|ARM
		{96BC541A-C728-4240-888F-A37180F1DAE2}.Release|ARM.Build.0 = Release|ARM
		{96BC541A-C728-4240-888F-A37180F1DAE2}.Release|ARM.Deploy.0 = Release|ARM
		{96BC541A-C728-4240-888F-A37180F1DAE2}.Release|iPhone.ActiveCfg = Release|Any CPU
		{96BC541A-C728-4240-888F-A37180F1DAE2}.Release|iPhone.Build.0 = Release|Any CPU
		{96BC541A-C728-4240-888F-A37180F1DAE2}.Release|iPhone.Deploy.0 = Release|Any CPU
		{96BC541A-C728-4240-888F-A37180F1DAE2}.Release|iPhoneSimulator.ActiveCfg = Release|Any CPU
		{96BC541A-C728-4240-888F-A37180F1DAE2}.Release|iPhoneSimulator.Build.0 = Release|Any CPU
		{96BC541A-C728-4240-888F-A37180F1DAE2}.Release|iPhoneSimulator.Deploy.0 = Release|Any CPU
		{96BC541A-C728-4240-888F-A37180F1DAE2}.Release|x64.ActiveCfg = Release|Any CPU
		{96BC541A-C728-4240-888F-A37180F1DAE2}.Release|x64.Build.0 = Release|Any CPU
		{96BC541A-C728-4240-888F-A37180F1DAE2}.Release|x64.Deploy.0 = Release|Any CPU
		{96BC541A-C728-4240-888F-A37180F1DAE2}.Release|x86.ActiveCfg = Release|x86
		{96BC541A-C728-4240-888F-A37180F1DAE2}.Release|x86.Build.0 = Release|x86
		{96BC541A-C728-4240-888F-A37180F1DAE2}.Release|x86.Deploy.0 = Release|x86
		{6A63E983-14BC-4DD0-A779-4330278E6DCD}.Ad-Hoc|Any CPU.ActiveCfg = Release|x86
		{6A63E983-14BC-4DD0-A779-4330278E6DCD}.Ad-Hoc|Any CPU.Build.0 = Release|x86
		{6A63E983-14BC-4DD0-A779-4330278E6DCD}.Ad-Hoc|Any CPU.Deploy.0 = Release|x86
		{6A63E983-14BC-4DD0-A779-4330278E6DCD}.Ad-Hoc|ARM.ActiveCfg = Release|ARM
		{6A63E983-14BC-4DD0-A779-4330278E6DCD}.Ad-Hoc|ARM.Build.0 = Release|ARM
		{6A63E983-14BC-4DD0-A779-4330278E6DCD}.Ad-Hoc|ARM.Deploy.0 = Release|ARM
		{6A63E983-14BC-4DD0-A779-4330278E6DCD}.Ad-Hoc|iPhone.ActiveCfg = Release|x86
		{6A63E983-14BC-4DD0-A779-4330278E6DCD}.Ad-Hoc|iPhone.Build.0 = Release|x86
		{6A63E983-14BC-4DD0-A779-4330278E6DCD}.Ad-Hoc|iPhone.Deploy.0 = Release|x86
		{6A63E983-14BC-4DD0-A779-4330278E6DCD}.Ad-Hoc|iPhoneSimulator.ActiveCfg = Release|x86
		{6A63E983-14BC-4DD0-A779-4330278E6DCD}.Ad-Hoc|iPhoneSimulator.Build.0 = Release|x86
		{6A63E983-14BC-4DD0-A779-4330278E6DCD}.Ad-Hoc|iPhoneSimulator.Deploy.0 = Release|x86
		{6A63E983-14BC-4DD0-A779-4330278E6DCD}.Ad-Hoc|x64.ActiveCfg = Release|x64
		{6A63E983-14BC-4DD0-A779-4330278E6DCD}.Ad-Hoc|x64.Build.0 = Release|x64
		{6A63E983-14BC-4DD0-A779-4330278E6DCD}.Ad-Hoc|x64.Deploy.0 = Release|x64
		{6A63E983-14BC-4DD0-A779-4330278E6DCD}.Ad-Hoc|x86.ActiveCfg = Release|x86
		{6A63E983-14BC-4DD0-A779-4330278E6DCD}.Ad-Hoc|x86.Build.0 = Release|x86
		{6A63E983-14BC-4DD0-A779-4330278E6DCD}.Ad-Hoc|x86.Deploy.0 = Release|x86
		{6A63E983-14BC-4DD0-A779-4330278E6DCD}.AppStore|Any CPU.ActiveCfg = Release|x86
		{6A63E983-14BC-4DD0-A779-4330278E6DCD}.AppStore|Any CPU.Build.0 = Release|x86
		{6A63E983-14BC-4DD0-A779-4330278E6DCD}.AppStore|Any CPU.Deploy.0 = Release|x86
		{6A63E983-14BC-4DD0-A779-4330278E6DCD}.AppStore|ARM.ActiveCfg = Release|ARM
		{6A63E983-14BC-4DD0-A779-4330278E6DCD}.AppStore|ARM.Build.0 = Release|ARM
		{6A63E983-14BC-4DD0-A779-4330278E6DCD}.AppStore|ARM.Deploy.0 = Release|ARM
		{6A63E983-14BC-4DD0-A779-4330278E6DCD}.AppStore|iPhone.ActiveCfg = Release|x86
		{6A63E983-14BC-4DD0-A779-4330278E6DCD}.AppStore|iPhone.Build.0 = Release|x86
		{6A63E983-14BC-4DD0-A779-4330278E6DCD}.AppStore|iPhone.Deploy.0 = Release|x86
		{6A63E983-14BC-4DD0-A779-4330278E6DCD}.AppStore|iPhoneSimulator.ActiveCfg = Release|x86
		{6A63E983-14BC-4DD0-A779-4330278E6DCD}.AppStore|iPhoneSimulator.Build.0 = Release|x86
		{6A63E983-14BC-4DD0-A779-4330278E6DCD}.AppStore|iPhoneSimulator.Deploy.0 = Release|x86
		{6A63E983-14BC-4DD0-A779-4330278E6DCD}.AppStore|x64.ActiveCfg = Release|x64
		{6A63E983-14BC-4DD0-A779-4330278E6DCD}.AppStore|x64.Build.0 = Release|x64
		{6A63E983-14BC-4DD0-A779-4330278E6DCD}.AppStore|x64.Deploy.0 = Release|x64
		{6A63E983-14BC-4DD0-A779-4330278E6DCD}.AppStore|x86.ActiveCfg = Release|x86
		{6A63E983-14BC-4DD0-A779-4330278E6DCD}.AppStore|x86.Build.0 = Release|x86
		{6A63E983-14BC-4DD0-A779-4330278E6DCD}.AppStore|x86.Deploy.0 = Release|x86
		{6A63E983-14BC-4DD0-A779-4330278E6DCD}.Debug|Any CPU.ActiveCfg = Debug|x86
		{6A63E983-14BC-4DD0-A779-4330278E6DCD}.Debug|Any CPU.Build.0 = Debug|x86
		{6A63E983-14BC-4DD0-A779-4330278E6DCD}.Debug|Any CPU.Deploy.0 = Debug|x86
		{6A63E983-14BC-4DD0-A779-4330278E6DCD}.Debug|ARM.ActiveCfg = Debug|ARM
		{6A63E983-14BC-4DD0-A779-4330278E6DCD}.Debug|ARM.Build.0 = Debug|ARM
		{6A63E983-14BC-4DD0-A779-4330278E6DCD}.Debug|ARM.Deploy.0 = Debug|ARM
		{6A63E983-14BC-4DD0-A779-4330278E6DCD}.Debug|iPhone.ActiveCfg = Debug|x86
		{6A63E983-14BC-4DD0-A779-4330278E6DCD}.Debug|iPhoneSimulator.ActiveCfg = Debug|x86
		{6A63E983-14BC-4DD0-A779-4330278E6DCD}.Debug|x64.ActiveCfg = Debug|x64
		{6A63E983-14BC-4DD0-A779-4330278E6DCD}.Debug|x64.Build.0 = Debug|x64
		{6A63E983-14BC-4DD0-A779-4330278E6DCD}.Debug|x64.Deploy.0 = Debug|x64
		{6A63E983-14BC-4DD0-A779-4330278E6DCD}.Debug|x86.ActiveCfg = Debug|x86
		{6A63E983-14BC-4DD0-A779-4330278E6DCD}.Debug|x86.Build.0 = Debug|x86
		{6A63E983-14BC-4DD0-A779-4330278E6DCD}.Debug|x86.Deploy.0 = Debug|x86
		{6A63E983-14BC-4DD0-A779-4330278E6DCD}.Release|Any CPU.ActiveCfg = Release|x86
		{6A63E983-14BC-4DD0-A779-4330278E6DCD}.Release|ARM.ActiveCfg = Release|ARM
		{6A63E983-14BC-4DD0-A779-4330278E6DCD}.Release|ARM.Build.0 = Release|ARM
		{6A63E983-14BC-4DD0-A779-4330278E6DCD}.Release|ARM.Deploy.0 = Release|ARM
		{6A63E983-14BC-4DD0-A779-4330278E6DCD}.Release|iPhone.ActiveCfg = Release|x86
		{6A63E983-14BC-4DD0-A779-4330278E6DCD}.Release|iPhoneSimulator.ActiveCfg = Release|x86
		{6A63E983-14BC-4DD0-A779-4330278E6DCD}.Release|x64.ActiveCfg = Release|x64
		{6A63E983-14BC-4DD0-A779-4330278E6DCD}.Release|x64.Build.0 = Release|x64
		{6A63E983-14BC-4DD0-A779-4330278E6DCD}.Release|x64.Deploy.0 = Release|x64
		{6A63E983-14BC-4DD0-A779-4330278E6DCD}.Release|x86.ActiveCfg = Release|x86
		{6A63E983-14BC-4DD0-A779-4330278E6DCD}.Release|x86.Build.0 = Release|x86
		{6A63E983-14BC-4DD0-A779-4330278E6DCD}.Release|x86.Deploy.0 = Release|x86
		{EBE388BF-4390-4582-9947-86A80E3C6053}.Ad-Hoc|Any CPU.ActiveCfg = Release|Any CPU
		{EBE388BF-4390-4582-9947-86A80E3C6053}.Ad-Hoc|Any CPU.Build.0 = Release|Any CPU
		{EBE388BF-4390-4582-9947-86A80E3C6053}.Ad-Hoc|Any CPU.Deploy.0 = Release|Any CPU
		{EBE388BF-4390-4582-9947-86A80E3C6053}.Ad-Hoc|ARM.ActiveCfg = Release|ARM
		{EBE388BF-4390-4582-9947-86A80E3C6053}.Ad-Hoc|ARM.Build.0 = Release|ARM
		{EBE388BF-4390-4582-9947-86A80E3C6053}.Ad-Hoc|ARM.Deploy.0 = Release|ARM
		{EBE388BF-4390-4582-9947-86A80E3C6053}.Ad-Hoc|iPhone.ActiveCfg = Release|Any CPU
		{EBE388BF-4390-4582-9947-86A80E3C6053}.Ad-Hoc|iPhone.Build.0 = Release|Any CPU
		{EBE388BF-4390-4582-9947-86A80E3C6053}.Ad-Hoc|iPhone.Deploy.0 = Release|Any CPU
		{EBE388BF-4390-4582-9947-86A80E3C6053}.Ad-Hoc|iPhoneSimulator.ActiveCfg = Release|Any CPU
		{EBE388BF-4390-4582-9947-86A80E3C6053}.Ad-Hoc|iPhoneSimulator.Build.0 = Release|Any CPU
		{EBE388BF-4390-4582-9947-86A80E3C6053}.Ad-Hoc|iPhoneSimulator.Deploy.0 = Release|Any CPU
		{EBE388BF-4390-4582-9947-86A80E3C6053}.Ad-Hoc|x64.ActiveCfg = Release|x64
		{EBE388BF-4390-4582-9947-86A80E3C6053}.Ad-Hoc|x64.Build.0 = Release|x64
		{EBE388BF-4390-4582-9947-86A80E3C6053}.Ad-Hoc|x64.Deploy.0 = Release|x64
		{EBE388BF-4390-4582-9947-86A80E3C6053}.Ad-Hoc|x86.ActiveCfg = Release|x86
		{EBE388BF-4390-4582-9947-86A80E3C6053}.Ad-Hoc|x86.Build.0 = Release|x86
		{EBE388BF-4390-4582-9947-86A80E3C6053}.Ad-Hoc|x86.Deploy.0 = Release|x86
		{EBE388BF-4390-4582-9947-86A80E3C6053}.AppStore|Any CPU.ActiveCfg = Release|Any CPU
		{EBE388BF-4390-4582-9947-86A80E3C6053}.AppStore|Any CPU.Build.0 = Release|Any CPU
		{EBE388BF-4390-4582-9947-86A80E3C6053}.AppStore|Any CPU.Deploy.0 = Release|Any CPU
		{EBE388BF-4390-4582-9947-86A80E3C6053}.AppStore|ARM.ActiveCfg = Release|ARM
		{EBE388BF-4390-4582-9947-86A80E3C6053}.AppStore|ARM.Build.0 = Release|ARM
		{EBE388BF-4390-4582-9947-86A80E3C6053}.AppStore|ARM.Deploy.0 = Release|ARM
		{EBE388BF-4390-4582-9947-86A80E3C6053}.AppStore|iPhone.ActiveCfg = Release|Any CPU
		{EBE388BF-4390-4582-9947-86A80E3C6053}.AppStore|iPhone.Build.0 = Release|Any CPU
		{EBE388BF-4390-4582-9947-86A80E3C6053}.AppStore|iPhone.Deploy.0 = Release|Any CPU
		{EBE388BF-4390-4582-9947-86A80E3C6053}.AppStore|iPhoneSimulator.ActiveCfg = Release|Any CPU
		{EBE388BF-4390-4582-9947-86A80E3C6053}.AppStore|iPhoneSimulator.Build.0 = Release|Any CPU
		{EBE388BF-4390-4582-9947-86A80E3C6053}.AppStore|iPhoneSimulator.Deploy.0 = Release|Any CPU
		{EBE388BF-4390-4582-9947-86A80E3C6053}.AppStore|x64.ActiveCfg = Release|x64
		{EBE388BF-4390-4582-9947-86A80E3C6053}.AppStore|x64.Build.0 = Release|x64
		{EBE388BF-4390-4582-9947-86A80E3C6053}.AppStore|x64.Deploy.0 = Release|x64
		{EBE388BF-4390-4582-9947-86A80E3C6053}.AppStore|x86.ActiveCfg = Release|x86
		{EBE388BF-4390-4582-9947-86A80E3C6053}.AppStore|x86.Build.0 = Release|x86
		{EBE388BF-4390-4582-9947-86A80E3C6053}.AppStore|x86.Deploy.0 = Release|x86
		{EBE388BF-4390-4582-9947-86A80E3C6053}.Debug|Any CPU.ActiveCfg = Debug|Any CPU
		{EBE388BF-4390-4582-9947-86A80E3C6053}.Debug|Any CPU.Build.0 = Debug|Any CPU
		{EBE388BF-4390-4582-9947-86A80E3C6053}.Debug|Any CPU.Deploy.0 = Debug|Any CPU
		{EBE388BF-4390-4582-9947-86A80E3C6053}.Debug|ARM.ActiveCfg = Debug|ARM
		{EBE388BF-4390-4582-9947-86A80E3C6053}.Debug|ARM.Build.0 = Debug|ARM
		{EBE388BF-4390-4582-9947-86A80E3C6053}.Debug|ARM.Deploy.0 = Debug|ARM
		{EBE388BF-4390-4582-9947-86A80E3C6053}.Debug|iPhone.ActiveCfg = Debug|Any CPU
		{EBE388BF-4390-4582-9947-86A80E3C6053}.Debug|iPhone.Build.0 = Debug|Any CPU
		{EBE388BF-4390-4582-9947-86A80E3C6053}.Debug|iPhone.Deploy.0 = Debug|Any CPU
		{EBE388BF-4390-4582-9947-86A80E3C6053}.Debug|iPhoneSimulator.ActiveCfg = Debug|Any CPU
		{EBE388BF-4390-4582-9947-86A80E3C6053}.Debug|iPhoneSimulator.Build.0 = Debug|Any CPU
		{EBE388BF-4390-4582-9947-86A80E3C6053}.Debug|iPhoneSimulator.Deploy.0 = Debug|Any CPU
		{EBE388BF-4390-4582-9947-86A80E3C6053}.Debug|x64.ActiveCfg = Debug|x64
		{EBE388BF-4390-4582-9947-86A80E3C6053}.Debug|x64.Build.0 = Debug|x64
		{EBE388BF-4390-4582-9947-86A80E3C6053}.Debug|x64.Deploy.0 = Debug|x64
		{EBE388BF-4390-4582-9947-86A80E3C6053}.Debug|x86.ActiveCfg = Debug|x86
		{EBE388BF-4390-4582-9947-86A80E3C6053}.Debug|x86.Build.0 = Debug|x86
		{EBE388BF-4390-4582-9947-86A80E3C6053}.Debug|x86.Deploy.0 = Debug|x86
		{EBE388BF-4390-4582-9947-86A80E3C6053}.Release|Any CPU.ActiveCfg = Release|Any CPU
		{EBE388BF-4390-4582-9947-86A80E3C6053}.Release|Any CPU.Build.0 = Release|Any CPU
		{EBE388BF-4390-4582-9947-86A80E3C6053}.Release|Any CPU.Deploy.0 = Release|Any CPU
		{EBE388BF-4390-4582-9947-86A80E3C6053}.Release|ARM.ActiveCfg = Release|ARM
		{EBE388BF-4390-4582-9947-86A80E3C6053}.Release|ARM.Build.0 = Release|ARM
		{EBE388BF-4390-4582-9947-86A80E3C6053}.Release|ARM.Deploy.0 = Release|ARM
		{EBE388BF-4390-4582-9947-86A80E3C6053}.Release|iPhone.ActiveCfg = Release|Any CPU
		{EBE388BF-4390-4582-9947-86A80E3C6053}.Release|iPhone.Build.0 = Release|Any CPU
		{EBE388BF-4390-4582-9947-86A80E3C6053}.Release|iPhone.Deploy.0 = Release|Any CPU
		{EBE388BF-4390-4582-9947-86A80E3C6053}.Release|iPhoneSimulator.ActiveCfg = Release|Any CPU
		{EBE388BF-4390-4582-9947-86A80E3C6053}.Release|iPhoneSimulator.Build.0 = Release|Any CPU
		{EBE388BF-4390-4582-9947-86A80E3C6053}.Release|iPhoneSimulator.Deploy.0 = Release|Any CPU
		{EBE388BF-4390-4582-9947-86A80E3C6053}.Release|x64.ActiveCfg = Release|x64
		{EBE388BF-4390-4582-9947-86A80E3C6053}.Release|x64.Build.0 = Release|x64
		{EBE388BF-4390-4582-9947-86A80E3C6053}.Release|x64.Deploy.0 = Release|x64
		{EBE388BF-4390-4582-9947-86A80E3C6053}.Release|x86.ActiveCfg = Release|x86
		{EBE388BF-4390-4582-9947-86A80E3C6053}.Release|x86.Build.0 = Release|x86
		{EBE388BF-4390-4582-9947-86A80E3C6053}.Release|x86.Deploy.0 = Release|x86
	EndGlobalSection
	GlobalSection(SolutionProperties) = preSolution
		HideSolutionNode = FALSE
	EndGlobalSection
EndGlobal
