
Microsoft Visual Studio Solution File, Format Version 12.00
# Visual Studio 14
VisualStudioVersion = 14.0.25420.1
MinimumVisualStudioVersion = 10.0.40219.1
Project("{FAE04EC0-301F-11D3-BF4B-00C04F79EFBC}") = "TodoREST.Droid", "TodoREST\TodoREST.Droid\TodoREST.Droid.csproj", "{34C81B55-5148-416D-B2AA-FA604CF2A17F}"
EndProject
Project("{FAE04EC0-301F-11D3-BF4B-00C04F79EFBC}") = "TodoREST.iOS", "TodoREST\TodoREST.iOS\TodoREST.iOS.csproj", "{A8636674-7B6D-4AAA-8D6B-3598E5B2747D}"
EndProject
Project("{FAE04EC0-301F-11D3-BF4B-00C04F79EFBC}") = "TodoREST.WinPhone", "TodoREST\TodoREST.WinPhone\TodoREST.WinPhone.csproj", "{166CD090-4891-4D73-832B-71D1F526B7AC}"
EndProject
Project("{FAE04EC0-301F-11D3-BF4B-00C04F79EFBC}") = "TodoREST", "TodoREST\TodoREST\TodoREST.csproj", "{1C6EABB6-D462-4902-8F45-A30C05C987F0}"
EndProject
Global
	GlobalSection(SolutionConfigurationPlatforms) = preSolution
		Debug|Any CPU = Debug|Any CPU
		Debug|ARM = Debug|ARM
		Debug|iPhone = Debug|iPhone
		Debug|iPhoneSimulator = Debug|iPhoneSimulator
		Debug|x86 = Debug|x86
		Release|Any CPU = Release|Any CPU
		Release|ARM = Release|ARM
		Release|iPhone = Release|iPhone
		Release|iPhoneSimulator = Release|iPhoneSimulator
		Release|x86 = Release|x86
	EndGlobalSection
	GlobalSection(ProjectConfigurationPlatforms) = postSolution
		{34C81B55-5148-416D-B2AA-FA604CF2A17F}.Debug|Any CPU.ActiveCfg = Debug|Any CPU
		{34C81B55-5148-416D-B2AA-FA604CF2A17F}.Debug|Any CPU.Build.0 = Debug|Any CPU
		{34C81B55-5148-416D-B2AA-FA604CF2A17F}.Debug|Any CPU.Deploy.0 = Debug|Any CPU
		{34C81B55-5148-416D-B2AA-FA604CF2A17F}.Debug|ARM.ActiveCfg = Debug|Any CPU
		{34C81B55-5148-416D-B2AA-FA604CF2A17F}.Debug|ARM.Build.0 = Debug|Any CPU
		{34C81B55-5148-416D-B2AA-FA604CF2A17F}.Debug|ARM.Deploy.0 = Debug|Any CPU
		{34C81B55-5148-416D-B2AA-FA604CF2A17F}.Debug|iPhone.ActiveCfg = Debug|Any CPU
		{34C81B55-5148-416D-B2AA-FA604CF2A17F}.Debug|iPhone.Build.0 = Debug|Any CPU
		{34C81B55-5148-416D-B2AA-FA604CF2A17F}.Debug|iPhone.Deploy.0 = Debug|Any CPU
		{34C81B55-5148-416D-B2AA-FA604CF2A17F}.Debug|iPhoneSimulator.ActiveCfg = Debug|Any CPU
		{34C81B55-5148-416D-B2AA-FA604CF2A17F}.Debug|iPhoneSimulator.Build.0 = Debug|Any CPU
		{34C81B55-5148-416D-B2AA-FA604CF2A17F}.Debug|iPhoneSimulator.Deploy.0 = Debug|Any CPU
		{34C81B55-5148-416D-B2AA-FA604CF2A17F}.Debug|x86.ActiveCfg = Debug|Any CPU
		{34C81B55-5148-416D-B2AA-FA604CF2A17F}.Debug|x86.Build.0 = Debug|Any CPU
		{34C81B55-5148-416D-B2AA-FA604CF2A17F}.Debug|x86.Deploy.0 = Debug|Any CPU
		{34C81B55-5148-416D-B2AA-FA604CF2A17F}.Release|Any CPU.ActiveCfg = Release|Any CPU
		{34C81B55-5148-416D-B2AA-FA604CF2A17F}.Release|Any CPU.Build.0 = Release|Any CPU
		{34C81B55-5148-416D-B2AA-FA604CF2A17F}.Release|Any CPU.Deploy.0 = Release|Any CPU
		{34C81B55-5148-416D-B2AA-FA604CF2A17F}.Release|ARM.ActiveCfg = Release|Any CPU
		{34C81B55-5148-416D-B2AA-FA604CF2A17F}.Release|ARM.Build.0 = Release|Any CPU
		{34C81B55-5148-416D-B2AA-FA604CF2A17F}.Release|ARM.Deploy.0 = Release|Any CPU
		{34C81B55-5148-416D-B2AA-FA604CF2A17F}.Release|iPhone.ActiveCfg = Release|Any CPU
		{34C81B55-5148-416D-B2AA-FA604CF2A17F}.Release|iPhone.Build.0 = Release|Any CPU
		{34C81B55-5148-416D-B2AA-FA604CF2A17F}.Release|iPhone.Deploy.0 = Release|Any CPU
		{34C81B55-5148-416D-B2AA-FA604CF2A17F}.Release|iPhoneSimulator.ActiveCfg = Release|Any CPU
		{34C81B55-5148-416D-B2AA-FA604CF2A17F}.Release|iPhoneSimulator.Build.0 = Release|Any CPU
		{34C81B55-5148-416D-B2AA-FA604CF2A17F}.Release|iPhoneSimulator.Deploy.0 = Release|Any CPU
		{34C81B55-5148-416D-B2AA-FA604CF2A17F}.Release|x86.ActiveCfg = Release|Any CPU
		{34C81B55-5148-416D-B2AA-FA604CF2A17F}.Release|x86.Build.0 = Release|Any CPU
		{34C81B55-5148-416D-B2AA-FA604CF2A17F}.Release|x86.Deploy.0 = Release|Any CPU
		{A8636674-7B6D-4AAA-8D6B-3598E5B2747D}.Debug|Any CPU.ActiveCfg = Debug|iPhone
		{A8636674-7B6D-4AAA-8D6B-3598E5B2747D}.Debug|ARM.ActiveCfg = Debug|iPhone
		{A8636674-7B6D-4AAA-8D6B-3598E5B2747D}.Debug|iPhone.ActiveCfg = Debug|iPhone
		{A8636674-7B6D-4AAA-8D6B-3598E5B2747D}.Debug|iPhone.Build.0 = Debug|iPhone
		{A8636674-7B6D-4AAA-8D6B-3598E5B2747D}.Debug|iPhoneSimulator.ActiveCfg = Debug|iPhoneSimulator
		{A8636674-7B6D-4AAA-8D6B-3598E5B2747D}.Debug|iPhoneSimulator.Build.0 = Debug|iPhoneSimulator
		{A8636674-7B6D-4AAA-8D6B-3598E5B2747D}.Debug|x86.ActiveCfg = Debug|iPhone
		{A8636674-7B6D-4AAA-8D6B-3598E5B2747D}.Release|Any CPU.ActiveCfg = Release|iPhone
		{A8636674-7B6D-4AAA-8D6B-3598E5B2747D}.Release|ARM.ActiveCfg = Release|iPhone
		{A8636674-7B6D-4AAA-8D6B-3598E5B2747D}.Release|iPhone.ActiveCfg = Release|iPhone
		{A8636674-7B6D-4AAA-8D6B-3598E5B2747D}.Release|iPhone.Build.0 = Release|iPhone
		{A8636674-7B6D-4AAA-8D6B-3598E5B2747D}.Release|iPhoneSimulator.ActiveCfg = Release|iPhoneSimulator
		{A8636674-7B6D-4AAA-8D6B-3598E5B2747D}.Release|iPhoneSimulator.Build.0 = Release|iPhoneSimulator
		{A8636674-7B6D-4AAA-8D6B-3598E5B2747D}.Release|x86.ActiveCfg = Release|iPhone
		{166CD090-4891-4D73-832B-71D1F526B7AC}.Debug|Any CPU.ActiveCfg = Debug|Any CPU
		{166CD090-4891-4D73-832B-71D1F526B7AC}.Debug|Any CPU.Build.0 = Debug|Any CPU
		{166CD090-4891-4D73-832B-71D1F526B7AC}.Debug|Any CPU.Deploy.0 = Debug|Any CPU
		{166CD090-4891-4D73-832B-71D1F526B7AC}.Debug|ARM.ActiveCfg = Debug|ARM
		{166CD090-4891-4D73-832B-71D1F526B7AC}.Debug|ARM.Build.0 = Debug|ARM
		{166CD090-4891-4D73-832B-71D1F526B7AC}.Debug|ARM.Deploy.0 = Debug|ARM
		{166CD090-4891-4D73-832B-71D1F526B7AC}.Debug|iPhone.ActiveCfg = Debug|Any CPU
		{166CD090-4891-4D73-832B-71D1F526B7AC}.Debug|iPhone.Build.0 = Debug|Any CPU
		{166CD090-4891-4D73-832B-71D1F526B7AC}.Debug|iPhone.Deploy.0 = Debug|Any CPU
		{166CD090-4891-4D73-832B-71D1F526B7AC}.Debug|iPhoneSimulator.ActiveCfg = Debug|Any CPU
		{166CD090-4891-4D73-832B-71D1F526B7AC}.Debug|iPhoneSimulator.Build.0 = Debug|Any CPU
		{166CD090-4891-4D73-832B-71D1F526B7AC}.Debug|iPhoneSimulator.Deploy.0 = Debug|Any CPU
		{166CD090-4891-4D73-832B-71D1F526B7AC}.Debug|x86.ActiveCfg = Debug|x86
		{166CD090-4891-4D73-832B-71D1F526B7AC}.Debug|x86.Build.0 = Debug|x86
		{166CD090-4891-4D73-832B-71D1F526B7AC}.Debug|x86.Deploy.0 = Debug|x86
		{166CD090-4891-4D73-832B-71D1F526B7AC}.Release|Any CPU.ActiveCfg = Release|Any CPU
		{166CD090-4891-4D73-832B-71D1F526B7AC}.Release|Any CPU.Build.0 = Release|Any CPU
		{166CD090-4891-4D73-832B-71D1F526B7AC}.Release|Any CPU.Deploy.0 = Release|Any CPU
		{166CD090-4891-4D73-832B-71D1F526B7AC}.Release|ARM.ActiveCfg = Release|ARM
		{166CD090-4891-4D73-832B-71D1F526B7AC}.Release|ARM.Build.0 = Release|ARM
		{166CD090-4891-4D73-832B-71D1F526B7AC}.Release|ARM.Deploy.0 = Release|ARM
		{166CD090-4891-4D73-832B-71D1F526B7AC}.Release|iPhone.ActiveCfg = Release|Any CPU
		{166CD090-4891-4D73-832B-71D1F526B7AC}.Release|iPhone.Build.0 = Release|Any CPU
		{166CD090-4891-4D73-832B-71D1F526B7AC}.Release|iPhone.Deploy.0 = Release|Any CPU
		{166CD090-4891-4D73-832B-71D1F526B7AC}.Release|iPhoneSimulator.ActiveCfg = Release|Any CPU
		{166CD090-4891-4D73-832B-71D1F526B7AC}.Release|iPhoneSimulator.Build.0 = Release|Any CPU
		{166CD090-4891-4D73-832B-71D1F526B7AC}.Release|iPhoneSimulator.Deploy.0 = Release|Any CPU
		{166CD090-4891-4D73-832B-71D1F526B7AC}.Release|x86.ActiveCfg = Release|x86
		{166CD090-4891-4D73-832B-71D1F526B7AC}.Release|x86.Build.0 = Release|x86
		{166CD090-4891-4D73-832B-71D1F526B7AC}.Release|x86.Deploy.0 = Release|x86
		{1C6EABB6-D462-4902-8F45-A30C05C987F0}.Debug|Any CPU.ActiveCfg = Debug|Any CPU
		{1C6EABB6-D462-4902-8F45-A30C05C987F0}.Debug|Any CPU.Build.0 = Debug|Any CPU
		{1C6EABB6-D462-4902-8F45-A30C05C987F0}.Debug|ARM.ActiveCfg = Debug|Any CPU
		{1C6EABB6-D462-4902-8F45-A30C05C987F0}.Debug|ARM.Build.0 = Debug|Any CPU
		{1C6EABB6-D462-4902-8F45-A30C05C987F0}.Debug|iPhone.ActiveCfg = Debug|Any CPU
		{1C6EABB6-D462-4902-8F45-A30C05C987F0}.Debug|iPhone.Build.0 = Debug|Any CPU
		{1C6EABB6-D462-4902-8F45-A30C05C987F0}.Debug|iPhoneSimulator.ActiveCfg = Debug|Any CPU
		{1C6EABB6-D462-4902-8F45-A30C05C987F0}.Debug|iPhoneSimulator.Build.0 = Debug|Any CPU
		{1C6EABB6-D462-4902-8F45-A30C05C987F0}.Debug|x86.ActiveCfg = Debug|Any CPU
		{1C6EABB6-D462-4902-8F45-A30C05C987F0}.Debug|x86.Build.0 = Debug|Any CPU
		{1C6EABB6-D462-4902-8F45-A30C05C987F0}.Release|Any CPU.ActiveCfg = Release|Any CPU
		{1C6EABB6-D462-4902-8F45-A30C05C987F0}.Release|Any CPU.Build.0 = Release|Any CPU
		{1C6EABB6-D462-4902-8F45-A30C05C987F0}.Release|ARM.ActiveCfg = Release|Any CPU
		{1C6EABB6-D462-4902-8F45-A30C05C987F0}.Release|ARM.Build.0 = Release|Any CPU
		{1C6EABB6-D462-4902-8F45-A30C05C987F0}.Release|iPhone.ActiveCfg = Release|Any CPU
		{1C6EABB6-D462-4902-8F45-A30C05C987F0}.Release|iPhone.Build.0 = Release|Any CPU
		{1C6EABB6-D462-4902-8F45-A30C05C987F0}.Release|iPhoneSimulator.ActiveCfg = Release|Any CPU
		{1C6EABB6-D462-4902-8F45-A30C05C987F0}.Release|iPhoneSimulator.Build.0 = Release|Any CPU
		{1C6EABB6-D462-4902-8F45-A30C05C987F0}.Release|x86.ActiveCfg = Release|Any CPU
		{1C6EABB6-D462-4902-8F45-A30C05C987F0}.Release|x86.Build.0 = Release|Any CPU
	EndGlobalSection
	GlobalSection(SolutionProperties) = preSolution
		HideSolutionNode = FALSE
	EndGlobalSection
EndGlobal
